// !$*UTF8*$!
{
	archiveVersion = 1;
	classes = {
	};
	objectVersion = 48;
	objects = {

/* Begin PBXBuildFile section */
		9172424B204A0D050009A79F /* AccessibilityElement.framework in Frameworks */ = {isa = PBXBuildFile; fileRef = 91724241204A0D050009A79F /* AccessibilityElement.framework */; };
		91724DD4204A0D4D0009A79F /* ScreenGrab.swift in Sources */ = {isa = PBXBuildFile; fileRef = 91724D98204A0D4D0009A79F /* ScreenGrab.swift */; };
		91724DD5204A0D4D0009A79F /* AXUIElement.swift in Sources */ = {isa = PBXBuildFile; fileRef = 91724D9A204A0D4D0009A79F /* AXUIElement.swift */; };
		91724DD6204A0D4D0009A79F /* AXObserver.swift in Sources */ = {isa = PBXBuildFile; fileRef = 91724D9B204A0D4D0009A79F /* AXObserver.swift */; };
		91724DD7204A0D4D0009A79F /* AXValue.swift in Sources */ = {isa = PBXBuildFile; fileRef = 91724D9C204A0D4D0009A79F /* AXValue.swift */; };
		91724DD8204A0D4D0009A79F /* AXTextMarker.swift in Sources */ = {isa = PBXBuildFile; fileRef = 91724D9D204A0D4D0009A79F /* AXTextMarker.swift */; };
		91724DD9204A0D4D0009A79F /* AccessibilityError.swift in Sources */ = {isa = PBXBuildFile; fileRef = 91724D9E204A0D4D0009A79F /* AccessibilityError.swift */; };
		91724DDA204A0D4D0009A79F /* Tap.swift in Sources */ = {isa = PBXBuildFile; fileRef = 91724D9F204A0D4D0009A79F /* Tap.swift */; };
		91724DDB204A0D4D0009A79F /* SelectionChangeHandler.swift in Sources */ = {isa = PBXBuildFile; fileRef = 91724DA1204A0D4D0009A79F /* SelectionChangeHandler.swift */; };
		91724DDC204A0D4D0009A79F /* TextMarkerSelectionChangeHandler.swift in Sources */ = {isa = PBXBuildFile; fileRef = 91724DA2204A0D4D0009A79F /* TextMarkerSelectionChangeHandler.swift */; };
		91724DDD204A0D4D0009A79F /* IntegerIndexSelectionChangeHandler.swift in Sources */ = {isa = PBXBuildFile; fileRef = 91724DA3204A0D4D0009A79F /* IntegerIndexSelectionChangeHandler.swift */; };
		91724DDE204A0D4D0009A79F /* WhitespaceClassifier.swift in Sources */ = {isa = PBXBuildFile; fileRef = 91724DA4204A0D4D0009A79F /* WhitespaceClassifier.swift */; };
		91724DDF204A0D4D0009A79F /* GestureRecognizer.swift in Sources */ = {isa = PBXBuildFile; fileRef = 91724DA5204A0D4D0009A79F /* GestureRecognizer.swift */; };
		91724DE0204A0D4D0009A79F /* Substitutions.swift in Sources */ = {isa = PBXBuildFile; fileRef = 91724DA7204A0D4D0009A79F /* Substitutions.swift */; };
		91724DE1204A0D4D0009A79F /* CompoundSound.swift in Sources */ = {isa = PBXBuildFile; fileRef = 91724DA8204A0D4D0009A79F /* CompoundSound.swift */; };
		91724DE2204A0D4D0009A79F /* Queues.swift in Sources */ = {isa = PBXBuildFile; fileRef = 91724DA9204A0D4D0009A79F /* Queues.swift */; };
		91724DE3204A0D4D0009A79F /* Output.swift in Sources */ = {isa = PBXBuildFile; fileRef = 91724DAA204A0D4D0009A79F /* Output.swift */; };
		91724DE4204A0D4D0009A79F /* Controller.swift in Sources */ = {isa = PBXBuildFile; fileRef = 91724DAB204A0D4D0009A79F /* Controller.swift */; };
		91724DE5204A0D4D0009A79F /* Observer.swift in Sources */ = {isa = PBXBuildFile; fileRef = 91724DAD204A0D4D0009A79F /* Observer.swift */; };
		91724DE6204A0D4D0009A79F /* ObserverError.swift in Sources */ = {isa = PBXBuildFile; fileRef = 91724DAE204A0D4D0009A79F /* ObserverError.swift */; };
		91724DE7204A0D4D0009A79F /* ObserverProviding.swift in Sources */ = {isa = PBXBuildFile; fileRef = 91724DAF204A0D4D0009A79F /* ObserverProviding.swift */; };
		91724DE8204A0D4D0009A79F /* SystemObserverProviding.swift in Sources */ = {isa = PBXBuildFile; fileRef = 91724DB0204A0D4D0009A79F /* SystemObserverProviding.swift */; };
		91724DE9204A0D4D0009A79F /* ObserverSignal.swift in Sources */ = {isa = PBXBuildFile; fileRef = 91724DB1204A0D4D0009A79F /* ObserverSignal.swift */; };
		91724DEA204A0D4D0009A79F /* Element.swift in Sources */ = {isa = PBXBuildFile; fileRef = 91724DB2204A0D4D0009A79F /* Element.swift */; };
		91724DEB204A0D4D0009A79F /* SimpleState.swift in Sources */ = {isa = PBXBuildFile; fileRef = 91724DB3204A0D4D0009A79F /* SimpleState.swift */; };
		91724DEC204A0D4D0009A79F /* AccessibilityElement.swift in Sources */ = {isa = PBXBuildFile; fileRef = 91724DB4204A0D4D0009A79F /* AccessibilityElement.swift */; };
		91724DED204A0D4D0009A79F /* Frame.swift in Sources */ = {isa = PBXBuildFile; fileRef = 91724DB5204A0D4D0009A79F /* Frame.swift */; };
		91724DEE204A0D4D0009A79F /* IntegerIndexSelectionChange.swift in Sources */ = {isa = PBXBuildFile; fileRef = 91724DB7204A0D4D0009A79F /* IntegerIndexSelectionChange.swift */; };
		91724DEF204A0D4D0009A79F /* SelectionChange.swift in Sources */ = {isa = PBXBuildFile; fileRef = 91724DB8204A0D4D0009A79F /* SelectionChange.swift */; };
		91724DF0204A0D4D0009A79F /* TextMarkerRichSelectionChange.swift in Sources */ = {isa = PBXBuildFile; fileRef = 91724DB9204A0D4D0009A79F /* TextMarkerRichSelectionChange.swift */; };
		91724DF1204A0D4D0009A79F /* TextMarkerSelectionChange.swift in Sources */ = {isa = PBXBuildFile; fileRef = 91724DBA204A0D4D0009A79F /* TextMarkerSelectionChange.swift */; };
		91724DF2204A0D4D0009A79F /* AttributedString.swift in Sources */ = {isa = PBXBuildFile; fileRef = 91724DBB204A0D4D0009A79F /* AttributedString.swift */; };
		91724DF3204A0D4D0009A79F /* Describer.swift in Sources */ = {isa = PBXBuildFile; fileRef = 91724DBC204A0D4D0009A79F /* Describer.swift */; };
		91724DF4204A0D4D0009A79F /* TreeElement.swift in Sources */ = {isa = PBXBuildFile; fileRef = 91724DBD204A0D4D0009A79F /* TreeElement.swift */; };
		91724DF5204A0D4D0009A79F /* Dictionary.swift in Sources */ = {isa = PBXBuildFile; fileRef = 91724DBF204A0D4D0009A79F /* Dictionary.swift */; };
		91724DF6204A0D4D0009A79F /* String.swift in Sources */ = {isa = PBXBuildFile; fileRef = 91724DC0204A0D4D0009A79F /* String.swift */; };
		91724DF7204A0D4D0009A79F /* Debug.swift in Sources */ = {isa = PBXBuildFile; fileRef = 91724DC1204A0D4D0009A79F /* Debug.swift */; };
		91724DF8204A0D4D0009A79F /* Default.swift in Sources */ = {isa = PBXBuildFile; fileRef = 91724DC3204A0D4D0009A79F /* Default.swift */; };
		91724DF9204A0D4D0009A79F /* WebArea.swift in Sources */ = {isa = PBXBuildFile; fileRef = 91724DC4204A0D4D0009A79F /* WebArea.swift */; };
		91724DFA204A0D4D0009A79F /* Registrar.swift in Sources */ = {isa = PBXBuildFile; fileRef = 91724DC5204A0D4D0009A79F /* Registrar.swift */; };
		91724DFB204A0D4D0009A79F /* EventHandler.swift in Sources */ = {isa = PBXBuildFile; fileRef = 91724DC6204A0D4D0009A79F /* EventHandler.swift */; };
		91724DFC204A0D4D0009A79F /* Toggle.swift in Sources */ = {isa = PBXBuildFile; fileRef = 91724DC7204A0D4D0009A79F /* Toggle.swift */; };
		91724DFD204A0D4D0009A79F /* Window.swift in Sources */ = {isa = PBXBuildFile; fileRef = 91724DC8204A0D4D0009A79F /* Window.swift */; };
		91724DFE204A0D4D0009A79F /* TextAttachment.swift in Sources */ = {isa = PBXBuildFile; fileRef = 91724DCA204A0D4D0009A79F /* TextAttachment.swift */; };
		91724DFF204A0D4D0009A79F /* TextField.swift in Sources */ = {isa = PBXBuildFile; fileRef = 91724DCB204A0D4D0009A79F /* TextField.swift */; };
		91724E00204A0D4D0009A79F /* StaticText.swift in Sources */ = {isa = PBXBuildFile; fileRef = 91724DCC204A0D4D0009A79F /* StaticText.swift */; };
		91724E01204A0D4D0009A79F /* Application.swift in Sources */ = {isa = PBXBuildFile; fileRef = 91724DCD204A0D4D0009A79F /* Application.swift */; };
		91724E02204A0D4D0009A79F /* Checkbox.swift in Sources */ = {isa = PBXBuildFile; fileRef = 91724DCE204A0D4D0009A79F /* Checkbox.swift */; };
		91724E03204A0D4D0009A79F /* Button.swift in Sources */ = {isa = PBXBuildFile; fileRef = 91724DCF204A0D4D0009A79F /* Button.swift */; };
		91724E04204A0D4D0009A79F /* Position.swift in Sources */ = {isa = PBXBuildFile; fileRef = 91724DD0204A0D4D0009A79F /* Position.swift */; };
		91724E05204A0D4D0009A79F /* Bundle.swift in Sources */ = {isa = PBXBuildFile; fileRef = 91724DD1204A0D4D0009A79F /* Bundle.swift */; };
		91724E06204A0D4D0009A79F /* Hierarchy.swift in Sources */ = {isa = PBXBuildFile; fileRef = 91724DD2204A0D4D0009A79F /* Hierarchy.swift */; };
		91724E07204A0D4D0009A79F /* Node.swift in Sources */ = {isa = PBXBuildFile; fileRef = 91724DD3204A0D4D0009A79F /* Node.swift */; };
		91724E13204A0DD50009A79F /* AttributedStringsTest.swift in Sources */ = {isa = PBXBuildFile; fileRef = 91724E0C204A0DC10009A79F /* AttributedStringsTest.swift */; };
		91724E14204A0DD50009A79F /* HierarchyTests.swift in Sources */ = {isa = PBXBuildFile; fileRef = 91724E0D204A0DC10009A79F /* HierarchyTests.swift */; };
		91724E15204A0DD50009A79F /* MockElement.swift in Sources */ = {isa = PBXBuildFile; fileRef = 91724E0B204A0DC10009A79F /* MockElement.swift */; };
		91724E16204A0DD50009A79F /* ObserverTests.swift in Sources */ = {isa = PBXBuildFile; fileRef = 91724E0A204A0DC10009A79F /* ObserverTests.swift */; };
		91724E17204A0DD50009A79F /* SubstitutionsTests.swift in Sources */ = {isa = PBXBuildFile; fileRef = 91724E09204A0DC10009A79F /* SubstitutionsTests.swift */; };
		91724E6F204A10BE0009A79F /* Atomics.framework in Frameworks */ = {isa = PBXBuildFile; fileRef = 91724E65204A10A90009A79F /* Atomics.framework */; };
		91724E7E204A10F20009A79F /* CoreFoundationOverlay.framework in Frameworks */ = {isa = PBXBuildFile; fileRef = 91724E75204A10F20009A79F /* CoreFoundationOverlay.framework */; };
		91724EAE204A11D00009A79F /* CoreFoundationOverlay.swift in Sources */ = {isa = PBXBuildFile; fileRef = 91724EA5204A11C00009A79F /* CoreFoundationOverlay.swift */; };
		91724EAF204A11D00009A79F /* CFString.swift in Sources */ = {isa = PBXBuildFile; fileRef = 91724EA2204A11C00009A79F /* CFString.swift */; };
		91724EB0204A11D00009A79F /* CFRunLoop.swift in Sources */ = {isa = PBXBuildFile; fileRef = 91724EA3204A11C00009A79F /* CFRunLoop.swift */; };
		91724EB1204A11D00009A79F /* CF.swift in Sources */ = {isa = PBXBuildFile; fileRef = 91724EA4204A11C00009A79F /* CF.swift */; };
		91724EB2204A11D00009A79F /* CFDictionary.swift in Sources */ = {isa = PBXBuildFile; fileRef = 91724EA6204A11C00009A79F /* CFDictionary.swift */; };
		91724EB3204A11D00009A79F /* CFNumber.swift in Sources */ = {isa = PBXBuildFile; fileRef = 91724EA7204A11C00009A79F /* CFNumber.swift */; };
		91724EB7204A11FE0009A79F /* CoreFoundationOverlayTests.swift in Sources */ = {isa = PBXBuildFile; fileRef = 91724EB5204A11F60009A79F /* CoreFoundationOverlayTests.swift */; };
		91724EBA204A121C0009A79F /* CoreFoundationOverlay.framework in Frameworks */ = {isa = PBXBuildFile; fileRef = 91724E75204A10F20009A79F /* CoreFoundationOverlay.framework */; };
		91724EED204A12BC0009A79F /* Signals.framework in Frameworks */ = {isa = PBXBuildFile; fileRef = 91724ECA204A126C0009A79F /* Signals.framework */; };
		91724F0E204A13370009A79F /* SwiftScanner.framework in Frameworks */ = {isa = PBXBuildFile; fileRef = 91724EF8204A12D40009A79F /* SwiftScanner.framework */; };
/* End PBXBuildFile section */

/* Begin PBXContainerItemProxy section */
		9172424C204A0D050009A79F /* PBXContainerItemProxy */ = {
			isa = PBXContainerItemProxy;
			containerPortal = 91724238204A0D050009A79F /* Project object */;
			proxyType = 1;
			remoteGlobalIDString = 91724240204A0D050009A79F;
			remoteInfo = AccessibilityElement;
		};
		91724E64204A10A90009A79F /* PBXContainerItemProxy */ = {
			isa = PBXContainerItemProxy;
			containerPortal = 91724E5D204A10A90009A79F /* Atomics.xcodeproj */;
			proxyType = 2;
			remoteGlobalIDString = 030110EF1B4B896700F4B44B;
			remoteInfo = Atomics;
		};
		91724E66204A10A90009A79F /* PBXContainerItemProxy */ = {
			isa = PBXContainerItemProxy;
			containerPortal = 91724E5D204A10A90009A79F /* Atomics.xcodeproj */;
			proxyType = 2;
			remoteGlobalIDString = 030110F91B4B896700F4B44B;
			remoteInfo = AtomicsTests;
		};
		91724E68204A10A90009A79F /* PBXContainerItemProxy */ = {
			isa = PBXContainerItemProxy;
			containerPortal = 91724E5D204A10A90009A79F /* Atomics.xcodeproj */;
			proxyType = 2;
			remoteGlobalIDString = 03DB46F31B4C7AFB00F4B44B;
			remoteInfo = Atomics_TestApp;
		};
		91724E6A204A10A90009A79F /* PBXContainerItemProxy */ = {
			isa = PBXContainerItemProxy;
			containerPortal = 91724E5D204A10A90009A79F /* Atomics.xcodeproj */;
			proxyType = 2;
			remoteGlobalIDString = 03DB47061B4C7AFC00F4B44B;
			remoteInfo = Atomics_TestAppTests;
		};
		91724E6C204A10B80009A79F /* PBXContainerItemProxy */ = {
			isa = PBXContainerItemProxy;
			containerPortal = 91724E5D204A10A90009A79F /* Atomics.xcodeproj */;
			proxyType = 1;
			remoteGlobalIDString = 030110EE1B4B896700F4B44B;
			remoteInfo = Atomics;
		};
		91724E7F204A10F20009A79F /* PBXContainerItemProxy */ = {
			isa = PBXContainerItemProxy;
			containerPortal = 91724238204A0D050009A79F /* Project object */;
			proxyType = 1;
			remoteGlobalIDString = 91724E74204A10F20009A79F;
			remoteInfo = CoreFoundationOverlay;
		};
		91724EB8204A12160009A79F /* PBXContainerItemProxy */ = {
			isa = PBXContainerItemProxy;
			containerPortal = 91724238204A0D050009A79F /* Project object */;
			proxyType = 1;
			remoteGlobalIDString = 91724E74204A10F20009A79F;
			remoteInfo = CoreFoundationOverlay;
		};
		91724EC5204A126C0009A79F /* PBXContainerItemProxy */ = {
			isa = PBXContainerItemProxy;
			containerPortal = 91724EBB204A126C0009A79F /* Signals.xcodeproj */;
			proxyType = 2;
			remoteGlobalIDString = 720D11721A085314003C4361;
			remoteInfo = "Signals iOS";
		};
		91724EC7204A126C0009A79F /* PBXContainerItemProxy */ = {
			isa = PBXContainerItemProxy;
			containerPortal = 91724EBB204A126C0009A79F /* Signals.xcodeproj */;
			proxyType = 2;
			remoteGlobalIDString = 720D117D1A085315003C4361;
			remoteInfo = "SignalsTests iOS";
		};
		91724EC9204A126C0009A79F /* PBXContainerItemProxy */ = {
			isa = PBXContainerItemProxy;
			containerPortal = 91724EBB204A126C0009A79F /* Signals.xcodeproj */;
			proxyType = 2;
			remoteGlobalIDString = 72665B361C212BDB0067DF26;
			remoteInfo = "Signals OSX";
		};
		91724ECB204A126C0009A79F /* PBXContainerItemProxy */ = {
			isa = PBXContainerItemProxy;
			containerPortal = 91724EBB204A126C0009A79F /* Signals.xcodeproj */;
			proxyType = 2;
			remoteGlobalIDString = 72665B3F1C212BDB0067DF26;
			remoteInfo = "SignalsTests OSX";
		};
		91724ECD204A126C0009A79F /* PBXContainerItemProxy */ = {
			isa = PBXContainerItemProxy;
			containerPortal = 91724EBB204A126C0009A79F /* Signals.xcodeproj */;
			proxyType = 2;
			remoteGlobalIDString = 725B76B61C26558F001D04CC;
			remoteInfo = "Signals tvOS";
		};
		91724ECF204A126C0009A79F /* PBXContainerItemProxy */ = {
			isa = PBXContainerItemProxy;
			containerPortal = 91724EBB204A126C0009A79F /* Signals.xcodeproj */;
			proxyType = 2;
			remoteGlobalIDString = 725B76BF1C26558F001D04CC;
			remoteInfo = "SignalsTests tvOS";
		};
		91724ED1204A126C0009A79F /* PBXContainerItemProxy */ = {
			isa = PBXContainerItemProxy;
			containerPortal = 91724EBB204A126C0009A79F /* Signals.xcodeproj */;
			proxyType = 2;
			remoteGlobalIDString = 721E12B21C1E8E1D00CD0CBA;
			remoteInfo = "Signals watchOS";
		};
		91724EEB204A12A80009A79F /* PBXContainerItemProxy */ = {
			isa = PBXContainerItemProxy;
			containerPortal = 91724EBB204A126C0009A79F /* Signals.xcodeproj */;
			proxyType = 1;
			remoteGlobalIDString = 72665B351C212BDB0067DF26;
			remoteInfo = "Signals OSX";
		};
		91724EF5204A12D40009A79F /* PBXContainerItemProxy */ = {
			isa = PBXContainerItemProxy;
			containerPortal = 91724EEE204A12D40009A79F /* SwiftScanner.xcodeproj */;
			proxyType = 2;
			remoteGlobalIDString = 08906C4A1DF1A90400FC4209;
			remoteInfo = SwiftScanner;
		};
		91724EF7204A12D40009A79F /* PBXContainerItemProxy */ = {
			isa = PBXContainerItemProxy;
			containerPortal = 91724EEE204A12D40009A79F /* SwiftScanner.xcodeproj */;
			proxyType = 2;
			remoteGlobalIDString = 910D6B6C20363AC000A816F3;
			remoteInfo = "SwiftScanner macOS";
		};
		91724EF9204A12D40009A79F /* PBXContainerItemProxy */ = {
			isa = PBXContainerItemProxy;
			containerPortal = 91724EEE204A12D40009A79F /* SwiftScanner.xcodeproj */;
			proxyType = 2;
			remoteGlobalIDString = 08906C5D1DF1BBDD00FC4209;
			remoteInfo = DemoApp;
		};
		91724EFB204A12D40009A79F /* PBXContainerItemProxy */ = {
			isa = PBXContainerItemProxy;
			containerPortal = 91724EEE204A12D40009A79F /* SwiftScanner.xcodeproj */;
			proxyType = 2;
			remoteGlobalIDString = 084635E11DF6D60000BE9EF1;
			remoteInfo = SwiftScannerTests;
		};
		91724F0C204A13300009A79F /* PBXContainerItemProxy */ = {
			isa = PBXContainerItemProxy;
			containerPortal = 91724EEE204A12D40009A79F /* SwiftScanner.xcodeproj */;
			proxyType = 1;
			remoteGlobalIDString = 910D6B6220363AC000A816F3;
			remoteInfo = "SwiftScanner macOS";
		};
/* End PBXContainerItemProxy section */

/* Begin PBXFileReference section */
		91724241204A0D050009A79F /* AccessibilityElement.framework */ = {isa = PBXFileReference; explicitFileType = wrapper.framework; includeInIndex = 0; path = AccessibilityElement.framework; sourceTree = BUILT_PRODUCTS_DIR; };
		9172424A204A0D050009A79F /* AccessibilityElementTests.xctest */ = {isa = PBXFileReference; explicitFileType = wrapper.cfbundle; includeInIndex = 0; path = AccessibilityElementTests.xctest; sourceTree = BUILT_PRODUCTS_DIR; };
		91724D98204A0D4D0009A79F /* ScreenGrab.swift */ = {isa = PBXFileReference; fileEncoding = 4; lastKnownFileType = sourcecode.swift; path = ScreenGrab.swift; sourceTree = "<group>"; };
		91724D9A204A0D4D0009A79F /* AXUIElement.swift */ = {isa = PBXFileReference; fileEncoding = 4; lastKnownFileType = sourcecode.swift; path = AXUIElement.swift; sourceTree = "<group>"; };
		91724D9B204A0D4D0009A79F /* AXObserver.swift */ = {isa = PBXFileReference; fileEncoding = 4; lastKnownFileType = sourcecode.swift; path = AXObserver.swift; sourceTree = "<group>"; };
		91724D9C204A0D4D0009A79F /* AXValue.swift */ = {isa = PBXFileReference; fileEncoding = 4; lastKnownFileType = sourcecode.swift; path = AXValue.swift; sourceTree = "<group>"; };
		91724D9D204A0D4D0009A79F /* AXTextMarker.swift */ = {isa = PBXFileReference; fileEncoding = 4; lastKnownFileType = sourcecode.swift; path = AXTextMarker.swift; sourceTree = "<group>"; };
		91724D9E204A0D4D0009A79F /* AccessibilityError.swift */ = {isa = PBXFileReference; fileEncoding = 4; lastKnownFileType = sourcecode.swift; path = AccessibilityError.swift; sourceTree = "<group>"; };
		91724D9F204A0D4D0009A79F /* Tap.swift */ = {isa = PBXFileReference; fileEncoding = 4; lastKnownFileType = sourcecode.swift; path = Tap.swift; sourceTree = "<group>"; };
		91724DA1204A0D4D0009A79F /* SelectionChangeHandler.swift */ = {isa = PBXFileReference; fileEncoding = 4; lastKnownFileType = sourcecode.swift; path = SelectionChangeHandler.swift; sourceTree = "<group>"; };
		91724DA2204A0D4D0009A79F /* TextMarkerSelectionChangeHandler.swift */ = {isa = PBXFileReference; fileEncoding = 4; lastKnownFileType = sourcecode.swift; path = TextMarkerSelectionChangeHandler.swift; sourceTree = "<group>"; };
		91724DA3204A0D4D0009A79F /* IntegerIndexSelectionChangeHandler.swift */ = {isa = PBXFileReference; fileEncoding = 4; lastKnownFileType = sourcecode.swift; path = IntegerIndexSelectionChangeHandler.swift; sourceTree = "<group>"; };
		91724DA4204A0D4D0009A79F /* WhitespaceClassifier.swift */ = {isa = PBXFileReference; fileEncoding = 4; lastKnownFileType = sourcecode.swift; path = WhitespaceClassifier.swift; sourceTree = "<group>"; };
		91724DA5204A0D4D0009A79F /* GestureRecognizer.swift */ = {isa = PBXFileReference; fileEncoding = 4; lastKnownFileType = sourcecode.swift; path = GestureRecognizer.swift; sourceTree = "<group>"; };
		91724DA7204A0D4D0009A79F /* Substitutions.swift */ = {isa = PBXFileReference; fileEncoding = 4; lastKnownFileType = sourcecode.swift; path = Substitutions.swift; sourceTree = "<group>"; };
		91724DA8204A0D4D0009A79F /* CompoundSound.swift */ = {isa = PBXFileReference; fileEncoding = 4; lastKnownFileType = sourcecode.swift; path = CompoundSound.swift; sourceTree = "<group>"; };
		91724DA9204A0D4D0009A79F /* Queues.swift */ = {isa = PBXFileReference; fileEncoding = 4; lastKnownFileType = sourcecode.swift; path = Queues.swift; sourceTree = "<group>"; };
		91724DAA204A0D4D0009A79F /* Output.swift */ = {isa = PBXFileReference; fileEncoding = 4; lastKnownFileType = sourcecode.swift; path = Output.swift; sourceTree = "<group>"; };
		91724DAB204A0D4D0009A79F /* Controller.swift */ = {isa = PBXFileReference; fileEncoding = 4; lastKnownFileType = sourcecode.swift; path = Controller.swift; sourceTree = "<group>"; };
		91724DAD204A0D4D0009A79F /* Observer.swift */ = {isa = PBXFileReference; fileEncoding = 4; lastKnownFileType = sourcecode.swift; path = Observer.swift; sourceTree = "<group>"; };
		91724DAE204A0D4D0009A79F /* ObserverError.swift */ = {isa = PBXFileReference; fileEncoding = 4; lastKnownFileType = sourcecode.swift; path = ObserverError.swift; sourceTree = "<group>"; };
		91724DAF204A0D4D0009A79F /* ObserverProviding.swift */ = {isa = PBXFileReference; fileEncoding = 4; lastKnownFileType = sourcecode.swift; path = ObserverProviding.swift; sourceTree = "<group>"; };
		91724DB0204A0D4D0009A79F /* SystemObserverProviding.swift */ = {isa = PBXFileReference; fileEncoding = 4; lastKnownFileType = sourcecode.swift; path = SystemObserverProviding.swift; sourceTree = "<group>"; };
		91724DB1204A0D4D0009A79F /* ObserverSignal.swift */ = {isa = PBXFileReference; fileEncoding = 4; lastKnownFileType = sourcecode.swift; path = ObserverSignal.swift; sourceTree = "<group>"; };
		91724DB2204A0D4D0009A79F /* Element.swift */ = {isa = PBXFileReference; fileEncoding = 4; lastKnownFileType = sourcecode.swift; path = Element.swift; sourceTree = "<group>"; };
		91724DB3204A0D4D0009A79F /* SimpleState.swift */ = {isa = PBXFileReference; fileEncoding = 4; lastKnownFileType = sourcecode.swift; path = SimpleState.swift; sourceTree = "<group>"; };
		91724DB4204A0D4D0009A79F /* AccessibilityElement.swift */ = {isa = PBXFileReference; fileEncoding = 4; lastKnownFileType = sourcecode.swift; path = AccessibilityElement.swift; sourceTree = "<group>"; };
		91724DB5204A0D4D0009A79F /* Frame.swift */ = {isa = PBXFileReference; fileEncoding = 4; lastKnownFileType = sourcecode.swift; path = Frame.swift; sourceTree = "<group>"; };
		91724DB7204A0D4D0009A79F /* IntegerIndexSelectionChange.swift */ = {isa = PBXFileReference; fileEncoding = 4; lastKnownFileType = sourcecode.swift; path = IntegerIndexSelectionChange.swift; sourceTree = "<group>"; };
		91724DB8204A0D4D0009A79F /* SelectionChange.swift */ = {isa = PBXFileReference; fileEncoding = 4; lastKnownFileType = sourcecode.swift; path = SelectionChange.swift; sourceTree = "<group>"; };
		91724DB9204A0D4D0009A79F /* TextMarkerRichSelectionChange.swift */ = {isa = PBXFileReference; fileEncoding = 4; lastKnownFileType = sourcecode.swift; path = TextMarkerRichSelectionChange.swift; sourceTree = "<group>"; };
		91724DBA204A0D4D0009A79F /* TextMarkerSelectionChange.swift */ = {isa = PBXFileReference; fileEncoding = 4; lastKnownFileType = sourcecode.swift; path = TextMarkerSelectionChange.swift; sourceTree = "<group>"; };
		91724DBB204A0D4D0009A79F /* AttributedString.swift */ = {isa = PBXFileReference; fileEncoding = 4; lastKnownFileType = sourcecode.swift; path = AttributedString.swift; sourceTree = "<group>"; };
		91724DBC204A0D4D0009A79F /* Describer.swift */ = {isa = PBXFileReference; fileEncoding = 4; lastKnownFileType = sourcecode.swift; path = Describer.swift; sourceTree = "<group>"; };
		91724DBD204A0D4D0009A79F /* TreeElement.swift */ = {isa = PBXFileReference; fileEncoding = 4; lastKnownFileType = sourcecode.swift; path = TreeElement.swift; sourceTree = "<group>"; };
		91724DBF204A0D4D0009A79F /* Dictionary.swift */ = {isa = PBXFileReference; fileEncoding = 4; lastKnownFileType = sourcecode.swift; path = Dictionary.swift; sourceTree = "<group>"; };
		91724DC0204A0D4D0009A79F /* String.swift */ = {isa = PBXFileReference; fileEncoding = 4; lastKnownFileType = sourcecode.swift; path = String.swift; sourceTree = "<group>"; };
		91724DC1204A0D4D0009A79F /* Debug.swift */ = {isa = PBXFileReference; fileEncoding = 4; lastKnownFileType = sourcecode.swift; path = Debug.swift; sourceTree = "<group>"; };
		91724DC3204A0D4D0009A79F /* Default.swift */ = {isa = PBXFileReference; fileEncoding = 4; lastKnownFileType = sourcecode.swift; path = Default.swift; sourceTree = "<group>"; };
		91724DC4204A0D4D0009A79F /* WebArea.swift */ = {isa = PBXFileReference; fileEncoding = 4; lastKnownFileType = sourcecode.swift; path = WebArea.swift; sourceTree = "<group>"; };
		91724DC5204A0D4D0009A79F /* Registrar.swift */ = {isa = PBXFileReference; fileEncoding = 4; lastKnownFileType = sourcecode.swift; path = Registrar.swift; sourceTree = "<group>"; };
		91724DC6204A0D4D0009A79F /* EventHandler.swift */ = {isa = PBXFileReference; fileEncoding = 4; lastKnownFileType = sourcecode.swift; path = EventHandler.swift; sourceTree = "<group>"; };
		91724DC7204A0D4D0009A79F /* Toggle.swift */ = {isa = PBXFileReference; fileEncoding = 4; lastKnownFileType = sourcecode.swift; path = Toggle.swift; sourceTree = "<group>"; };
		91724DC8204A0D4D0009A79F /* Window.swift */ = {isa = PBXFileReference; fileEncoding = 4; lastKnownFileType = sourcecode.swift; path = Window.swift; sourceTree = "<group>"; };
		91724DCA204A0D4D0009A79F /* TextAttachment.swift */ = {isa = PBXFileReference; fileEncoding = 4; lastKnownFileType = sourcecode.swift; path = TextAttachment.swift; sourceTree = "<group>"; };
		91724DCB204A0D4D0009A79F /* TextField.swift */ = {isa = PBXFileReference; fileEncoding = 4; lastKnownFileType = sourcecode.swift; path = TextField.swift; sourceTree = "<group>"; };
		91724DCC204A0D4D0009A79F /* StaticText.swift */ = {isa = PBXFileReference; fileEncoding = 4; lastKnownFileType = sourcecode.swift; path = StaticText.swift; sourceTree = "<group>"; };
		91724DCD204A0D4D0009A79F /* Application.swift */ = {isa = PBXFileReference; fileEncoding = 4; lastKnownFileType = sourcecode.swift; path = Application.swift; sourceTree = "<group>"; };
		91724DCE204A0D4D0009A79F /* Checkbox.swift */ = {isa = PBXFileReference; fileEncoding = 4; lastKnownFileType = sourcecode.swift; path = Checkbox.swift; sourceTree = "<group>"; };
		91724DCF204A0D4D0009A79F /* Button.swift */ = {isa = PBXFileReference; fileEncoding = 4; lastKnownFileType = sourcecode.swift; path = Button.swift; sourceTree = "<group>"; };
		91724DD0204A0D4D0009A79F /* Position.swift */ = {isa = PBXFileReference; fileEncoding = 4; lastKnownFileType = sourcecode.swift; path = Position.swift; sourceTree = "<group>"; };
		91724DD1204A0D4D0009A79F /* Bundle.swift */ = {isa = PBXFileReference; fileEncoding = 4; lastKnownFileType = sourcecode.swift; path = Bundle.swift; sourceTree = "<group>"; };
		91724DD2204A0D4D0009A79F /* Hierarchy.swift */ = {isa = PBXFileReference; fileEncoding = 4; lastKnownFileType = sourcecode.swift; path = Hierarchy.swift; sourceTree = "<group>"; };
		91724DD3204A0D4D0009A79F /* Node.swift */ = {isa = PBXFileReference; fileEncoding = 4; lastKnownFileType = sourcecode.swift; path = Node.swift; sourceTree = "<group>"; };
		91724E09204A0DC10009A79F /* SubstitutionsTests.swift */ = {isa = PBXFileReference; fileEncoding = 4; lastKnownFileType = sourcecode.swift; path = SubstitutionsTests.swift; sourceTree = "<group>"; };
		91724E0A204A0DC10009A79F /* ObserverTests.swift */ = {isa = PBXFileReference; fileEncoding = 4; lastKnownFileType = sourcecode.swift; path = ObserverTests.swift; sourceTree = "<group>"; };
		91724E0B204A0DC10009A79F /* MockElement.swift */ = {isa = PBXFileReference; fileEncoding = 4; lastKnownFileType = sourcecode.swift; path = MockElement.swift; sourceTree = "<group>"; };
		91724E0C204A0DC10009A79F /* AttributedStringsTest.swift */ = {isa = PBXFileReference; fileEncoding = 4; lastKnownFileType = sourcecode.swift; path = AttributedStringsTest.swift; sourceTree = "<group>"; };
		91724E0D204A0DC10009A79F /* HierarchyTests.swift */ = {isa = PBXFileReference; fileEncoding = 4; lastKnownFileType = sourcecode.swift; path = HierarchyTests.swift; sourceTree = "<group>"; };
		91724E5D204A10A90009A79F /* Atomics.xcodeproj */ = {isa = PBXFileReference; lastKnownFileType = "wrapper.pb-project"; name = Atomics.xcodeproj; path = ".build/checkouts/swift-atomics--7665388977442881344/Xcode/Atomics.xcodeproj"; sourceTree = "<group>"; };
		91724E75204A10F20009A79F /* CoreFoundationOverlay.framework */ = {isa = PBXFileReference; explicitFileType = wrapper.framework; includeInIndex = 0; path = CoreFoundationOverlay.framework; sourceTree = BUILT_PRODUCTS_DIR; };
		91724E7D204A10F20009A79F /* CoreFoundationOverlayTests.xctest */ = {isa = PBXFileReference; explicitFileType = wrapper.cfbundle; includeInIndex = 0; path = CoreFoundationOverlayTests.xctest; sourceTree = BUILT_PRODUCTS_DIR; };
		91724EA2204A11C00009A79F /* CFString.swift */ = {isa = PBXFileReference; fileEncoding = 4; lastKnownFileType = sourcecode.swift; path = CFString.swift; sourceTree = "<group>"; };
		91724EA3204A11C00009A79F /* CFRunLoop.swift */ = {isa = PBXFileReference; fileEncoding = 4; lastKnownFileType = sourcecode.swift; path = CFRunLoop.swift; sourceTree = "<group>"; };
		91724EA4204A11C00009A79F /* CF.swift */ = {isa = PBXFileReference; fileEncoding = 4; lastKnownFileType = sourcecode.swift; path = CF.swift; sourceTree = "<group>"; };
		91724EA5204A11C00009A79F /* CoreFoundationOverlay.swift */ = {isa = PBXFileReference; fileEncoding = 4; lastKnownFileType = sourcecode.swift; path = CoreFoundationOverlay.swift; sourceTree = "<group>"; };
		91724EA6204A11C00009A79F /* CFDictionary.swift */ = {isa = PBXFileReference; fileEncoding = 4; lastKnownFileType = sourcecode.swift; path = CFDictionary.swift; sourceTree = "<group>"; };
		91724EA7204A11C00009A79F /* CFNumber.swift */ = {isa = PBXFileReference; fileEncoding = 4; lastKnownFileType = sourcecode.swift; path = CFNumber.swift; sourceTree = "<group>"; };
		91724EB5204A11F60009A79F /* CoreFoundationOverlayTests.swift */ = {isa = PBXFileReference; fileEncoding = 4; lastKnownFileType = sourcecode.swift; path = CoreFoundationOverlayTests.swift; sourceTree = "<group>"; };
		91724EBB204A126C0009A79F /* Signals.xcodeproj */ = {isa = PBXFileReference; lastKnownFileType = "wrapper.pb-project"; name = Signals.xcodeproj; path = ".build/checkouts/Signals.git--353844806167487743/Signals.xcodeproj"; sourceTree = "<group>"; };
		91724EEE204A12D40009A79F /* SwiftScanner.xcodeproj */ = {isa = PBXFileReference; lastKnownFileType = "wrapper.pb-project"; name = SwiftScanner.xcodeproj; path = ".build/checkouts/SwiftScanner.git--3888101014598209270/SwiftScanner/SwiftScanner.xcodeproj"; sourceTree = "<group>"; };
/* End PBXFileReference section */

/* Begin PBXFrameworksBuildPhase section */
		9172423D204A0D050009A79F /* Frameworks */ = {
			isa = PBXFrameworksBuildPhase;
			buildActionMask = 2147483647;
			files = (
				91724F0E204A13370009A79F /* SwiftScanner.framework in Frameworks */,
				91724EED204A12BC0009A79F /* Signals.framework in Frameworks */,
				91724EBA204A121C0009A79F /* CoreFoundationOverlay.framework in Frameworks */,
				91724E6F204A10BE0009A79F /* Atomics.framework in Frameworks */,
			);
			runOnlyForDeploymentPostprocessing = 0;
		};
		91724247204A0D050009A79F /* Frameworks */ = {
			isa = PBXFrameworksBuildPhase;
			buildActionMask = 2147483647;
			files = (
				9172424B204A0D050009A79F /* AccessibilityElement.framework in Frameworks */,
			);
			runOnlyForDeploymentPostprocessing = 0;
		};
		91724E71204A10F20009A79F /* Frameworks */ = {
			isa = PBXFrameworksBuildPhase;
			buildActionMask = 2147483647;
			files = (
			);
			runOnlyForDeploymentPostprocessing = 0;
		};
		91724E7A204A10F20009A79F /* Frameworks */ = {
			isa = PBXFrameworksBuildPhase;
			buildActionMask = 2147483647;
			files = (
				91724E7E204A10F20009A79F /* CoreFoundationOverlay.framework in Frameworks */,
			);
			runOnlyForDeploymentPostprocessing = 0;
		};
/* End PBXFrameworksBuildPhase section */

/* Begin PBXGroup section */
		91724237204A0D050009A79F = {
			isa = PBXGroup;
			children = (
				91724D97204A0D4D0009A79F /* AccessibilityElement */,
				91724E08204A0DC10009A79F /* AccessibilityElementTests */,
				91724E5C204A106D0009A79F /* Dependencies */,
				91724242204A0D050009A79F /* Products */,
				91724E6E204A10BE0009A79F /* Frameworks */,
			);
			sourceTree = "<group>";
		};
		91724242204A0D050009A79F /* Products */ = {
			isa = PBXGroup;
			children = (
				91724241204A0D050009A79F /* AccessibilityElement.framework */,
				9172424A204A0D050009A79F /* AccessibilityElementTests.xctest */,
				91724E75204A10F20009A79F /* CoreFoundationOverlay.framework */,
				91724E7D204A10F20009A79F /* CoreFoundationOverlayTests.xctest */,
			);
			name = Products;
			sourceTree = "<group>";
		};
		91724D97204A0D4D0009A79F /* AccessibilityElement */ = {
			isa = PBXGroup;
			children = (
				91724DB4204A0D4D0009A79F /* AccessibilityElement.swift */,
				91724D9E204A0D4D0009A79F /* AccessibilityError.swift */,
				91724DBB204A0D4D0009A79F /* AttributedString.swift */,
				91724DD1204A0D4D0009A79F /* Bundle.swift */,
				91724DAB204A0D4D0009A79F /* Controller.swift */,
				91724DC1204A0D4D0009A79F /* Debug.swift */,
				91724DBC204A0D4D0009A79F /* Describer.swift */,
				91724DB2204A0D4D0009A79F /* Element.swift */,
				91724DB5204A0D4D0009A79F /* Frame.swift */,
				91724DA5204A0D4D0009A79F /* GestureRecognizer.swift */,
				91724DD2204A0D4D0009A79F /* Hierarchy.swift */,
				91724DD3204A0D4D0009A79F /* Node.swift */,
				91724DD0204A0D4D0009A79F /* Position.swift */,
				91724D98204A0D4D0009A79F /* ScreenGrab.swift */,
				91724DB3204A0D4D0009A79F /* SimpleState.swift */,
				91724D9F204A0D4D0009A79F /* Tap.swift */,
				91724DBD204A0D4D0009A79F /* TreeElement.swift */,
				91724DA4204A0D4D0009A79F /* WhitespaceClassifier.swift */,
				91724DC2204A0D4D0009A79F /* EventHandler */,
				91724D99204A0D4D0009A79F /* HIServices */,
				91724DAC204A0D4D0009A79F /* Observer */,
				91724DA6204A0D4D0009A79F /* Output */,
				91724DB6204A0D4D0009A79F /* Selection Change */,
				91724DA0204A0D4D0009A79F /* Selection Change Handler */,
				91724DBE204A0D4D0009A79F /* stdlib */,
			);
			name = AccessibilityElement;
			path = Sources/AccessibilityElement;
			sourceTree = "<group>";
		};
		91724D99204A0D4D0009A79F /* HIServices */ = {
			isa = PBXGroup;
			children = (
				91724D9A204A0D4D0009A79F /* AXUIElement.swift */,
				91724D9B204A0D4D0009A79F /* AXObserver.swift */,
				91724D9C204A0D4D0009A79F /* AXValue.swift */,
				91724D9D204A0D4D0009A79F /* AXTextMarker.swift */,
			);
			path = HIServices;
			sourceTree = "<group>";
		};
		91724DA0204A0D4D0009A79F /* Selection Change Handler */ = {
			isa = PBXGroup;
			children = (
				91724DA1204A0D4D0009A79F /* SelectionChangeHandler.swift */,
				91724DA2204A0D4D0009A79F /* TextMarkerSelectionChangeHandler.swift */,
				91724DA3204A0D4D0009A79F /* IntegerIndexSelectionChangeHandler.swift */,
			);
			path = "Selection Change Handler";
			sourceTree = "<group>";
		};
		91724DA6204A0D4D0009A79F /* Output */ = {
			isa = PBXGroup;
			children = (
				91724DA7204A0D4D0009A79F /* Substitutions.swift */,
				91724DA8204A0D4D0009A79F /* CompoundSound.swift */,
				91724DA9204A0D4D0009A79F /* Queues.swift */,
				91724DAA204A0D4D0009A79F /* Output.swift */,
			);
			path = Output;
			sourceTree = "<group>";
		};
		91724DAC204A0D4D0009A79F /* Observer */ = {
			isa = PBXGroup;
			children = (
				91724DAD204A0D4D0009A79F /* Observer.swift */,
				91724DAE204A0D4D0009A79F /* ObserverError.swift */,
				91724DAF204A0D4D0009A79F /* ObserverProviding.swift */,
				91724DB0204A0D4D0009A79F /* SystemObserverProviding.swift */,
				91724DB1204A0D4D0009A79F /* ObserverSignal.swift */,
			);
			path = Observer;
			sourceTree = "<group>";
		};
		91724DB6204A0D4D0009A79F /* Selection Change */ = {
			isa = PBXGroup;
			children = (
				91724DB7204A0D4D0009A79F /* IntegerIndexSelectionChange.swift */,
				91724DB8204A0D4D0009A79F /* SelectionChange.swift */,
				91724DB9204A0D4D0009A79F /* TextMarkerRichSelectionChange.swift */,
				91724DBA204A0D4D0009A79F /* TextMarkerSelectionChange.swift */,
			);
			path = "Selection Change";
			sourceTree = "<group>";
		};
		91724DBE204A0D4D0009A79F /* stdlib */ = {
			isa = PBXGroup;
			children = (
				91724DBF204A0D4D0009A79F /* Dictionary.swift */,
				91724DC0204A0D4D0009A79F /* String.swift */,
			);
			path = stdlib;
			sourceTree = "<group>";
		};
		91724DC2204A0D4D0009A79F /* EventHandler */ = {
			isa = PBXGroup;
			children = (
				91724DC3204A0D4D0009A79F /* Default.swift */,
				91724DC4204A0D4D0009A79F /* WebArea.swift */,
				91724DC5204A0D4D0009A79F /* Registrar.swift */,
				91724DC6204A0D4D0009A79F /* EventHandler.swift */,
				91724DC7204A0D4D0009A79F /* Toggle.swift */,
				91724DC8204A0D4D0009A79F /* Window.swift */,
				91724DC9204A0D4D0009A79F /* Text */,
				91724DCD204A0D4D0009A79F /* Application.swift */,
				91724DCE204A0D4D0009A79F /* Checkbox.swift */,
				91724DCF204A0D4D0009A79F /* Button.swift */,
			);
			path = EventHandler;
			sourceTree = "<group>";
		};
		91724DC9204A0D4D0009A79F /* Text */ = {
			isa = PBXGroup;
			children = (
				91724DCA204A0D4D0009A79F /* TextAttachment.swift */,
				91724DCB204A0D4D0009A79F /* TextField.swift */,
				91724DCC204A0D4D0009A79F /* StaticText.swift */,
			);
			path = Text;
			sourceTree = "<group>";
		};
		91724E08204A0DC10009A79F /* AccessibilityElementTests */ = {
			isa = PBXGroup;
			children = (
				91724E0C204A0DC10009A79F /* AttributedStringsTest.swift */,
				91724E0D204A0DC10009A79F /* HierarchyTests.swift */,
				91724E0B204A0DC10009A79F /* MockElement.swift */,
				91724E0A204A0DC10009A79F /* ObserverTests.swift */,
				91724E09204A0DC10009A79F /* SubstitutionsTests.swift */,
			);
			name = AccessibilityElementTests;
			path = Tests/AccessibilityElementTests;
			sourceTree = "<group>";
		};
		91724E5C204A106D0009A79F /* Dependencies */ = {
			isa = PBXGroup;
			children = (
				91724EEE204A12D40009A79F /* SwiftScanner.xcodeproj */,
				91724EA1204A11C00009A79F /* CoreFoundationOverlay */,
				91724EB4204A11F60009A79F /* CoreFoundationOverlayTests */,
				91724E5D204A10A90009A79F /* Atomics.xcodeproj */,
				91724EBB204A126C0009A79F /* Signals.xcodeproj */,
			);
			name = Dependencies;
			sourceTree = "<group>";
		};
		91724E5E204A10A90009A79F /* Products */ = {
			isa = PBXGroup;
			children = (
				91724E65204A10A90009A79F /* Atomics.framework */,
				91724E67204A10A90009A79F /* AtomicsTests.xctest */,
				91724E69204A10A90009A79F /* Atomics_TestApp.app */,
				91724E6B204A10A90009A79F /* Atomics_TestAppTests.xctest */,
			);
			name = Products;
			sourceTree = "<group>";
		};
		91724E6E204A10BE0009A79F /* Frameworks */ = {
			isa = PBXGroup;
			children = (
			);
			name = Frameworks;
			sourceTree = "<group>";
		};
		91724EA1204A11C00009A79F /* CoreFoundationOverlay */ = {
			isa = PBXGroup;
			children = (
				91724EA5204A11C00009A79F /* CoreFoundationOverlay.swift */,
				91724EA4204A11C00009A79F /* CF.swift */,
				91724EA6204A11C00009A79F /* CFDictionary.swift */,
				91724EA7204A11C00009A79F /* CFNumber.swift */,
				91724EA3204A11C00009A79F /* CFRunLoop.swift */,
				91724EA2204A11C00009A79F /* CFString.swift */,
			);
			name = CoreFoundationOverlay;
			path = ".build/checkouts/CoreFoundationOverlay.git--8325486567584219650/Sources/CoreFoundationOverlay";
			sourceTree = "<group>";
		};
		91724EB4204A11F60009A79F /* CoreFoundationOverlayTests */ = {
			isa = PBXGroup;
			children = (
				91724EB5204A11F60009A79F /* CoreFoundationOverlayTests.swift */,
			);
			name = CoreFoundationOverlayTests;
			path = ".build/checkouts/CoreFoundationOverlay.git--8325486567584219650/Tests/CoreFoundationOverlayTests";
			sourceTree = "<group>";
		};
		91724EBC204A126C0009A79F /* Products */ = {
			isa = PBXGroup;
			children = (
				91724EC6204A126C0009A79F /* Signals.framework */,
				91724EC8204A126C0009A79F /* SignalsTests iOS.xctest */,
				91724ECA204A126C0009A79F /* Signals.framework */,
				91724ECC204A126C0009A79F /* SignalsTests OSX.xctest */,
				91724ECE204A126C0009A79F /* Signals.framework */,
				91724ED0204A126C0009A79F /* SignalsTests tvOS.xctest */,
				91724ED2204A126C0009A79F /* Signals.framework */,
			);
			name = Products;
			sourceTree = "<group>";
		};
		91724EEF204A12D40009A79F /* Products */ = {
			isa = PBXGroup;
			children = (
				91724EF6204A12D40009A79F /* SwiftScanner.framework */,
				91724EF8204A12D40009A79F /* SwiftScanner.framework */,
				91724EFA204A12D40009A79F /* DemoApp.app */,
				91724EFC204A12D40009A79F /* SwiftScannerTests.xctest */,
			);
			name = Products;
			sourceTree = "<group>";
		};
/* End PBXGroup section */

/* Begin PBXHeadersBuildPhase section */
		9172423E204A0D050009A79F /* Headers */ = {
			isa = PBXHeadersBuildPhase;
			buildActionMask = 2147483647;
			files = (
			);
			runOnlyForDeploymentPostprocessing = 0;
		};
		91724E72204A10F20009A79F /* Headers */ = {
			isa = PBXHeadersBuildPhase;
			buildActionMask = 2147483647;
			files = (
			);
			runOnlyForDeploymentPostprocessing = 0;
		};
/* End PBXHeadersBuildPhase section */

/* Begin PBXNativeTarget section */
		91724240204A0D050009A79F /* AccessibilityElement */ = {
			isa = PBXNativeTarget;
			buildConfigurationList = 91724255204A0D060009A79F /* Build configuration list for PBXNativeTarget "AccessibilityElement" */;
			buildPhases = (
				9172423C204A0D050009A79F /* Sources */,
				9172423D204A0D050009A79F /* Frameworks */,
				9172423E204A0D050009A79F /* Headers */,
				9172423F204A0D050009A79F /* Resources */,
			);
			buildRules = (
			);
			dependencies = (
				91724F0D204A13300009A79F /* PBXTargetDependency */,
				91724EEC204A12A80009A79F /* PBXTargetDependency */,
				91724EB9204A12160009A79F /* PBXTargetDependency */,
				91724E6D204A10B80009A79F /* PBXTargetDependency */,
			);
			name = AccessibilityElement;
			productName = AccessibilityElement;
			productReference = 91724241204A0D050009A79F /* AccessibilityElement.framework */;
			productType = "com.apple.product-type.framework";
		};
		91724249204A0D050009A79F /* AccessibilityElementTests */ = {
			isa = PBXNativeTarget;
			buildConfigurationList = 91724258204A0D060009A79F /* Build configuration list for PBXNativeTarget "AccessibilityElementTests" */;
			buildPhases = (
				91724246204A0D050009A79F /* Sources */,
				91724247204A0D050009A79F /* Frameworks */,
				91724248204A0D050009A79F /* Resources */,
			);
			buildRules = (
			);
			dependencies = (
				9172424D204A0D050009A79F /* PBXTargetDependency */,
			);
			name = AccessibilityElementTests;
			productName = AccessibilityElementTests;
			productReference = 9172424A204A0D050009A79F /* AccessibilityElementTests.xctest */;
			productType = "com.apple.product-type.bundle.unit-test";
		};
		91724E74204A10F20009A79F /* CoreFoundationOverlay */ = {
			isa = PBXNativeTarget;
			buildConfigurationList = 91724E86204A10F20009A79F /* Build configuration list for PBXNativeTarget "CoreFoundationOverlay" */;
			buildPhases = (
				91724E70204A10F20009A79F /* Sources */,
				91724E71204A10F20009A79F /* Frameworks */,
				91724E72204A10F20009A79F /* Headers */,
				91724E73204A10F20009A79F /* Resources */,
			);
			buildRules = (
			);
			dependencies = (
			);
			name = CoreFoundationOverlay;
			productName = CoreFoundationOverlay;
			productReference = 91724E75204A10F20009A79F /* CoreFoundationOverlay.framework */;
			productType = "com.apple.product-type.framework";
		};
		91724E7C204A10F20009A79F /* CoreFoundationOverlayTests */ = {
			isa = PBXNativeTarget;
			buildConfigurationList = 91724E89204A10F20009A79F /* Build configuration list for PBXNativeTarget "CoreFoundationOverlayTests" */;
			buildPhases = (
				91724E79204A10F20009A79F /* Sources */,
				91724E7A204A10F20009A79F /* Frameworks */,
				91724E7B204A10F20009A79F /* Resources */,
			);
			buildRules = (
			);
			dependencies = (
				91724E80204A10F20009A79F /* PBXTargetDependency */,
			);
			name = CoreFoundationOverlayTests;
			productName = CoreFoundationOverlayTests;
			productReference = 91724E7D204A10F20009A79F /* CoreFoundationOverlayTests.xctest */;
			productType = "com.apple.product-type.bundle.unit-test";
		};
/* End PBXNativeTarget section */

/* Begin PBXProject section */
		91724238204A0D050009A79F /* Project object */ = {
			isa = PBXProject;
			attributes = {
				LastSwiftUpdateCheck = 0920;
				LastUpgradeCheck = 0920;
				ORGANIZATIONNAME = "Doug Russell";
				TargetAttributes = {
					91724240204A0D050009A79F = {
						CreatedOnToolsVersion = 9.2;
						ProvisioningStyle = Automatic;
					};
					91724249204A0D050009A79F = {
						CreatedOnToolsVersion = 9.2;
						ProvisioningStyle = Automatic;
					};
					91724E74204A10F20009A79F = {
						CreatedOnToolsVersion = 9.2;
						ProvisioningStyle = Automatic;
					};
					91724E7C204A10F20009A79F = {
						CreatedOnToolsVersion = 9.2;
						ProvisioningStyle = Automatic;
					};
				};
			};
			buildConfigurationList = 9172423B204A0D050009A79F /* Build configuration list for PBXProject "AccessibilityElement" */;
			compatibilityVersion = "Xcode 8.0";
			developmentRegion = en;
			hasScannedForEncodings = 0;
			knownRegions = (
				en,
				Base,
			);
			mainGroup = 91724237204A0D050009A79F;
			productRefGroup = 91724242204A0D050009A79F /* Products */;
			projectDirPath = "";
			projectReferences = (
				{
					ProductGroup = 91724E5E204A10A90009A79F /* Products */;
					ProjectRef = 91724E5D204A10A90009A79F /* Atomics.xcodeproj */;
				},
				{
					ProductGroup = 91724EBC204A126C0009A79F /* Products */;
					ProjectRef = 91724EBB204A126C0009A79F /* Signals.xcodeproj */;
				},
				{
					ProductGroup = 91724EEF204A12D40009A79F /* Products */;
					ProjectRef = 91724EEE204A12D40009A79F /* SwiftScanner.xcodeproj */;
				},
			);
			projectRoot = "";
			targets = (
				91724240204A0D050009A79F /* AccessibilityElement */,
				91724249204A0D050009A79F /* AccessibilityElementTests */,
				91724E74204A10F20009A79F /* CoreFoundationOverlay */,
				91724E7C204A10F20009A79F /* CoreFoundationOverlayTests */,
			);
		};
/* End PBXProject section */

/* Begin PBXReferenceProxy section */
		91724E65204A10A90009A79F /* Atomics.framework */ = {
			isa = PBXReferenceProxy;
			fileType = wrapper.framework;
			path = Atomics.framework;
			remoteRef = 91724E64204A10A90009A79F /* PBXContainerItemProxy */;
			sourceTree = BUILT_PRODUCTS_DIR;
		};
		91724E67204A10A90009A79F /* AtomicsTests.xctest */ = {
			isa = PBXReferenceProxy;
			fileType = wrapper.cfbundle;
			path = AtomicsTests.xctest;
			remoteRef = 91724E66204A10A90009A79F /* PBXContainerItemProxy */;
			sourceTree = BUILT_PRODUCTS_DIR;
		};
		91724E69204A10A90009A79F /* Atomics_TestApp.app */ = {
			isa = PBXReferenceProxy;
			fileType = wrapper.application;
			path = Atomics_TestApp.app;
			remoteRef = 91724E68204A10A90009A79F /* PBXContainerItemProxy */;
			sourceTree = BUILT_PRODUCTS_DIR;
		};
		91724E6B204A10A90009A79F /* Atomics_TestAppTests.xctest */ = {
			isa = PBXReferenceProxy;
			fileType = wrapper.cfbundle;
			path = Atomics_TestAppTests.xctest;
			remoteRef = 91724E6A204A10A90009A79F /* PBXContainerItemProxy */;
			sourceTree = BUILT_PRODUCTS_DIR;
		};
		91724EC6204A126C0009A79F /* Signals.framework */ = {
			isa = PBXReferenceProxy;
			fileType = wrapper.framework;
			path = Signals.framework;
			remoteRef = 91724EC5204A126C0009A79F /* PBXContainerItemProxy */;
			sourceTree = BUILT_PRODUCTS_DIR;
		};
		91724EC8204A126C0009A79F /* SignalsTests iOS.xctest */ = {
			isa = PBXReferenceProxy;
			fileType = wrapper.cfbundle;
			path = "SignalsTests iOS.xctest";
			remoteRef = 91724EC7204A126C0009A79F /* PBXContainerItemProxy */;
			sourceTree = BUILT_PRODUCTS_DIR;
		};
		91724ECA204A126C0009A79F /* Signals.framework */ = {
			isa = PBXReferenceProxy;
			fileType = wrapper.framework;
			path = Signals.framework;
			remoteRef = 91724EC9204A126C0009A79F /* PBXContainerItemProxy */;
			sourceTree = BUILT_PRODUCTS_DIR;
		};
		91724ECC204A126C0009A79F /* SignalsTests OSX.xctest */ = {
			isa = PBXReferenceProxy;
			fileType = wrapper.cfbundle;
			path = "SignalsTests OSX.xctest";
			remoteRef = 91724ECB204A126C0009A79F /* PBXContainerItemProxy */;
			sourceTree = BUILT_PRODUCTS_DIR;
		};
		91724ECE204A126C0009A79F /* Signals.framework */ = {
			isa = PBXReferenceProxy;
			fileType = wrapper.framework;
			path = Signals.framework;
			remoteRef = 91724ECD204A126C0009A79F /* PBXContainerItemProxy */;
			sourceTree = BUILT_PRODUCTS_DIR;
		};
		91724ED0204A126C0009A79F /* SignalsTests tvOS.xctest */ = {
			isa = PBXReferenceProxy;
			fileType = wrapper.cfbundle;
			path = "SignalsTests tvOS.xctest";
			remoteRef = 91724ECF204A126C0009A79F /* PBXContainerItemProxy */;
			sourceTree = BUILT_PRODUCTS_DIR;
		};
		91724ED2204A126C0009A79F /* Signals.framework */ = {
			isa = PBXReferenceProxy;
			fileType = wrapper.framework;
			path = Signals.framework;
			remoteRef = 91724ED1204A126C0009A79F /* PBXContainerItemProxy */;
			sourceTree = BUILT_PRODUCTS_DIR;
		};
		91724EF6204A12D40009A79F /* SwiftScanner.framework */ = {
			isa = PBXReferenceProxy;
			fileType = wrapper.framework;
			path = SwiftScanner.framework;
			remoteRef = 91724EF5204A12D40009A79F /* PBXContainerItemProxy */;
			sourceTree = BUILT_PRODUCTS_DIR;
		};
		91724EF8204A12D40009A79F /* SwiftScanner.framework */ = {
			isa = PBXReferenceProxy;
			fileType = wrapper.framework;
			path = SwiftScanner.framework;
			remoteRef = 91724EF7204A12D40009A79F /* PBXContainerItemProxy */;
			sourceTree = BUILT_PRODUCTS_DIR;
		};
		91724EFA204A12D40009A79F /* DemoApp.app */ = {
			isa = PBXReferenceProxy;
			fileType = wrapper.application;
			path = DemoApp.app;
			remoteRef = 91724EF9204A12D40009A79F /* PBXContainerItemProxy */;
			sourceTree = BUILT_PRODUCTS_DIR;
		};
		91724EFC204A12D40009A79F /* SwiftScannerTests.xctest */ = {
			isa = PBXReferenceProxy;
			fileType = wrapper.cfbundle;
			path = SwiftScannerTests.xctest;
			remoteRef = 91724EFB204A12D40009A79F /* PBXContainerItemProxy */;
			sourceTree = BUILT_PRODUCTS_DIR;
		};
/* End PBXReferenceProxy section */

/* Begin PBXResourcesBuildPhase section */
		9172423F204A0D050009A79F /* Resources */ = {
			isa = PBXResourcesBuildPhase;
			buildActionMask = 2147483647;
			files = (
			);
			runOnlyForDeploymentPostprocessing = 0;
		};
		91724248204A0D050009A79F /* Resources */ = {
			isa = PBXResourcesBuildPhase;
			buildActionMask = 2147483647;
			files = (
			);
			runOnlyForDeploymentPostprocessing = 0;
		};
		91724E73204A10F20009A79F /* Resources */ = {
			isa = PBXResourcesBuildPhase;
			buildActionMask = 2147483647;
			files = (
			);
			runOnlyForDeploymentPostprocessing = 0;
		};
		91724E7B204A10F20009A79F /* Resources */ = {
			isa = PBXResourcesBuildPhase;
			buildActionMask = 2147483647;
			files = (
			);
			runOnlyForDeploymentPostprocessing = 0;
		};
/* End PBXResourcesBuildPhase section */

/* Begin PBXSourcesBuildPhase section */
		9172423C204A0D050009A79F /* Sources */ = {
			isa = PBXSourcesBuildPhase;
			buildActionMask = 2147483647;
			files = (
				91724DEF204A0D4D0009A79F /* SelectionChange.swift in Sources */,
				91724DF2204A0D4D0009A79F /* AttributedString.swift in Sources */,
				91724DD8204A0D4D0009A79F /* AXTextMarker.swift in Sources */,
				91724DEC204A0D4D0009A79F /* AccessibilityElement.swift in Sources */,
				91724DFE204A0D4D0009A79F /* TextAttachment.swift in Sources */,
				91724DE5204A0D4D0009A79F /* Observer.swift in Sources */,
				91724DDB204A0D4D0009A79F /* SelectionChangeHandler.swift in Sources */,
				91724E04204A0D4D0009A79F /* Position.swift in Sources */,
				91724DE1204A0D4D0009A79F /* CompoundSound.swift in Sources */,
				91724DD4204A0D4D0009A79F /* ScreenGrab.swift in Sources */,
				91724DD6204A0D4D0009A79F /* AXObserver.swift in Sources */,
				91724DDE204A0D4D0009A79F /* WhitespaceClassifier.swift in Sources */,
				91724E06204A0D4D0009A79F /* Hierarchy.swift in Sources */,
				91724DEE204A0D4D0009A79F /* IntegerIndexSelectionChange.swift in Sources */,
				91724E05204A0D4D0009A79F /* Bundle.swift in Sources */,
				91724DF4204A0D4D0009A79F /* TreeElement.swift in Sources */,
				91724DE4204A0D4D0009A79F /* Controller.swift in Sources */,
				91724DF7204A0D4D0009A79F /* Debug.swift in Sources */,
				91724E00204A0D4D0009A79F /* StaticText.swift in Sources */,
				91724DE7204A0D4D0009A79F /* ObserverProviding.swift in Sources */,
				91724DD9204A0D4D0009A79F /* AccessibilityError.swift in Sources */,
				91724DE2204A0D4D0009A79F /* Queues.swift in Sources */,
				91724E03204A0D4D0009A79F /* Button.swift in Sources */,
				91724DF9204A0D4D0009A79F /* WebArea.swift in Sources */,
				91724DE3204A0D4D0009A79F /* Output.swift in Sources */,
				91724DF0204A0D4D0009A79F /* TextMarkerRichSelectionChange.swift in Sources */,
				91724DE0204A0D4D0009A79F /* Substitutions.swift in Sources */,
				91724DE9204A0D4D0009A79F /* ObserverSignal.swift in Sources */,
				91724DFF204A0D4D0009A79F /* TextField.swift in Sources */,
				91724DDD204A0D4D0009A79F /* IntegerIndexSelectionChangeHandler.swift in Sources */,
				91724DFD204A0D4D0009A79F /* Window.swift in Sources */,
				91724E07204A0D4D0009A79F /* Node.swift in Sources */,
				91724DEB204A0D4D0009A79F /* SimpleState.swift in Sources */,
				91724DD7204A0D4D0009A79F /* AXValue.swift in Sources */,
				91724DD5204A0D4D0009A79F /* AXUIElement.swift in Sources */,
				91724DE6204A0D4D0009A79F /* ObserverError.swift in Sources */,
				91724DF1204A0D4D0009A79F /* TextMarkerSelectionChange.swift in Sources */,
				91724DDF204A0D4D0009A79F /* GestureRecognizer.swift in Sources */,
				91724E02204A0D4D0009A79F /* Checkbox.swift in Sources */,
				91724DFC204A0D4D0009A79F /* Toggle.swift in Sources */,
				91724DFB204A0D4D0009A79F /* EventHandler.swift in Sources */,
				91724DDA204A0D4D0009A79F /* Tap.swift in Sources */,
				91724E01204A0D4D0009A79F /* Application.swift in Sources */,
				91724DE8204A0D4D0009A79F /* SystemObserverProviding.swift in Sources */,
				91724DEA204A0D4D0009A79F /* Element.swift in Sources */,
				91724DF3204A0D4D0009A79F /* Describer.swift in Sources */,
				91724DF5204A0D4D0009A79F /* Dictionary.swift in Sources */,
				91724DFA204A0D4D0009A79F /* Registrar.swift in Sources */,
				91724DF6204A0D4D0009A79F /* String.swift in Sources */,
				91724DDC204A0D4D0009A79F /* TextMarkerSelectionChangeHandler.swift in Sources */,
				91724DED204A0D4D0009A79F /* Frame.swift in Sources */,
				91724DF8204A0D4D0009A79F /* Default.swift in Sources */,
			);
			runOnlyForDeploymentPostprocessing = 0;
		};
		91724246204A0D050009A79F /* Sources */ = {
			isa = PBXSourcesBuildPhase;
			buildActionMask = 2147483647;
			files = (
				91724E17204A0DD50009A79F /* SubstitutionsTests.swift in Sources */,
				91724E13204A0DD50009A79F /* AttributedStringsTest.swift in Sources */,
				91724E16204A0DD50009A79F /* ObserverTests.swift in Sources */,
				91724E15204A0DD50009A79F /* MockElement.swift in Sources */,
				91724E14204A0DD50009A79F /* HierarchyTests.swift in Sources */,
			);
			runOnlyForDeploymentPostprocessing = 0;
		};
		91724E70204A10F20009A79F /* Sources */ = {
			isa = PBXSourcesBuildPhase;
			buildActionMask = 2147483647;
			files = (
				91724EB1204A11D00009A79F /* CF.swift in Sources */,
				91724EB2204A11D00009A79F /* CFDictionary.swift in Sources */,
				91724EAE204A11D00009A79F /* CoreFoundationOverlay.swift in Sources */,
				91724EB3204A11D00009A79F /* CFNumber.swift in Sources */,
				91724EB0204A11D00009A79F /* CFRunLoop.swift in Sources */,
				91724EAF204A11D00009A79F /* CFString.swift in Sources */,
			);
			runOnlyForDeploymentPostprocessing = 0;
		};
		91724E79204A10F20009A79F /* Sources */ = {
			isa = PBXSourcesBuildPhase;
			buildActionMask = 2147483647;
			files = (
				91724EB7204A11FE0009A79F /* CoreFoundationOverlayTests.swift in Sources */,
			);
			runOnlyForDeploymentPostprocessing = 0;
		};
/* End PBXSourcesBuildPhase section */

/* Begin PBXTargetDependency section */
		9172424D204A0D050009A79F /* PBXTargetDependency */ = {
			isa = PBXTargetDependency;
			target = 91724240204A0D050009A79F /* AccessibilityElement */;
			targetProxy = 9172424C204A0D050009A79F /* PBXContainerItemProxy */;
		};
		91724E6D204A10B80009A79F /* PBXTargetDependency */ = {
			isa = PBXTargetDependency;
			name = Atomics;
			targetProxy = 91724E6C204A10B80009A79F /* PBXContainerItemProxy */;
		};
		91724E80204A10F20009A79F /* PBXTargetDependency */ = {
			isa = PBXTargetDependency;
			target = 91724E74204A10F20009A79F /* CoreFoundationOverlay */;
			targetProxy = 91724E7F204A10F20009A79F /* PBXContainerItemProxy */;
		};
		91724EB9204A12160009A79F /* PBXTargetDependency */ = {
			isa = PBXTargetDependency;
			target = 91724E74204A10F20009A79F /* CoreFoundationOverlay */;
			targetProxy = 91724EB8204A12160009A79F /* PBXContainerItemProxy */;
		};
		91724EEC204A12A80009A79F /* PBXTargetDependency */ = {
			isa = PBXTargetDependency;
			name = "Signals OSX";
			targetProxy = 91724EEB204A12A80009A79F /* PBXContainerItemProxy */;
		};
		91724F0D204A13300009A79F /* PBXTargetDependency */ = {
			isa = PBXTargetDependency;
			name = "SwiftScanner macOS";
			targetProxy = 91724F0C204A13300009A79F /* PBXContainerItemProxy */;
		};
/* End PBXTargetDependency section */

/* Begin XCBuildConfiguration section */
		91724253204A0D060009A79F /* Debug */ = {
			isa = XCBuildConfiguration;
			buildSettings = {
				ALWAYS_SEARCH_USER_PATHS = NO;
				CLANG_ANALYZER_NONNULL = YES;
				CLANG_ANALYZER_NUMBER_OBJECT_CONVERSION = YES_AGGRESSIVE;
				CLANG_CXX_LANGUAGE_STANDARD = "gnu++14";
				CLANG_CXX_LIBRARY = "libc++";
				CLANG_ENABLE_MODULES = YES;
				CLANG_ENABLE_OBJC_ARC = YES;
				CLANG_WARN_BLOCK_CAPTURE_AUTORELEASING = YES;
				CLANG_WARN_BOOL_CONVERSION = YES;
				CLANG_WARN_COMMA = YES;
				CLANG_WARN_CONSTANT_CONVERSION = YES;
				CLANG_WARN_DIRECT_OBJC_ISA_USAGE = YES_ERROR;
				CLANG_WARN_DOCUMENTATION_COMMENTS = YES;
				CLANG_WARN_EMPTY_BODY = YES;
				CLANG_WARN_ENUM_CONVERSION = YES;
				CLANG_WARN_INFINITE_RECURSION = YES;
				CLANG_WARN_INT_CONVERSION = YES;
				CLANG_WARN_NON_LITERAL_NULL_CONVERSION = YES;
				CLANG_WARN_OBJC_LITERAL_CONVERSION = YES;
				CLANG_WARN_OBJC_ROOT_CLASS = YES_ERROR;
				CLANG_WARN_RANGE_LOOP_ANALYSIS = YES;
				CLANG_WARN_STRICT_PROTOTYPES = YES;
				CLANG_WARN_SUSPICIOUS_MOVE = YES;
				CLANG_WARN_UNGUARDED_AVAILABILITY = YES_AGGRESSIVE;
				CLANG_WARN_UNREACHABLE_CODE = YES;
				CLANG_WARN__DUPLICATE_METHOD_MATCH = YES;
				CODE_SIGN_IDENTITY = "-";
				COPY_PHASE_STRIP = NO;
				CURRENT_PROJECT_VERSION = 1;
				DEBUG_INFORMATION_FORMAT = dwarf;
				ENABLE_STRICT_OBJC_MSGSEND = YES;
				ENABLE_TESTABILITY = YES;
				GCC_C_LANGUAGE_STANDARD = gnu11;
				GCC_DYNAMIC_NO_PIC = NO;
				GCC_NO_COMMON_BLOCKS = YES;
				GCC_OPTIMIZATION_LEVEL = 0;
				GCC_PREPROCESSOR_DEFINITIONS = (
					"DEBUG=1",
					"$(inherited)",
				);
				GCC_WARN_64_TO_32_BIT_CONVERSION = YES;
				GCC_WARN_ABOUT_RETURN_TYPE = YES_ERROR;
				GCC_WARN_UNDECLARED_SELECTOR = YES;
				GCC_WARN_UNINITIALIZED_AUTOS = YES_AGGRESSIVE;
				GCC_WARN_UNUSED_FUNCTION = YES;
				GCC_WARN_UNUSED_VARIABLE = YES;
				MACOSX_DEPLOYMENT_TARGET = 10.13;
				MTL_ENABLE_DEBUG_INFO = YES;
				ONLY_ACTIVE_ARCH = YES;
				SDKROOT = macosx;
				SWIFT_ACTIVE_COMPILATION_CONDITIONS = DEBUG;
				SWIFT_OPTIMIZATION_LEVEL = "-Onone";
				VERSIONING_SYSTEM = "apple-generic";
				VERSION_INFO_PREFIX = "";
			};
			name = Debug;
		};
		91724254204A0D060009A79F /* Release */ = {
			isa = XCBuildConfiguration;
			buildSettings = {
				ALWAYS_SEARCH_USER_PATHS = NO;
				CLANG_ANALYZER_NONNULL = YES;
				CLANG_ANALYZER_NUMBER_OBJECT_CONVERSION = YES_AGGRESSIVE;
				CLANG_CXX_LANGUAGE_STANDARD = "gnu++14";
				CLANG_CXX_LIBRARY = "libc++";
				CLANG_ENABLE_MODULES = YES;
				CLANG_ENABLE_OBJC_ARC = YES;
				CLANG_WARN_BLOCK_CAPTURE_AUTORELEASING = YES;
				CLANG_WARN_BOOL_CONVERSION = YES;
				CLANG_WARN_COMMA = YES;
				CLANG_WARN_CONSTANT_CONVERSION = YES;
				CLANG_WARN_DIRECT_OBJC_ISA_USAGE = YES_ERROR;
				CLANG_WARN_DOCUMENTATION_COMMENTS = YES;
				CLANG_WARN_EMPTY_BODY = YES;
				CLANG_WARN_ENUM_CONVERSION = YES;
				CLANG_WARN_INFINITE_RECURSION = YES;
				CLANG_WARN_INT_CONVERSION = YES;
				CLANG_WARN_NON_LITERAL_NULL_CONVERSION = YES;
				CLANG_WARN_OBJC_LITERAL_CONVERSION = YES;
				CLANG_WARN_OBJC_ROOT_CLASS = YES_ERROR;
				CLANG_WARN_RANGE_LOOP_ANALYSIS = YES;
				CLANG_WARN_STRICT_PROTOTYPES = YES;
				CLANG_WARN_SUSPICIOUS_MOVE = YES;
				CLANG_WARN_UNGUARDED_AVAILABILITY = YES_AGGRESSIVE;
				CLANG_WARN_UNREACHABLE_CODE = YES;
				CLANG_WARN__DUPLICATE_METHOD_MATCH = YES;
				CODE_SIGN_IDENTITY = "-";
				COPY_PHASE_STRIP = NO;
				CURRENT_PROJECT_VERSION = 1;
				DEBUG_INFORMATION_FORMAT = "dwarf-with-dsym";
				ENABLE_NS_ASSERTIONS = NO;
				ENABLE_STRICT_OBJC_MSGSEND = YES;
				GCC_C_LANGUAGE_STANDARD = gnu11;
				GCC_NO_COMMON_BLOCKS = YES;
				GCC_WARN_64_TO_32_BIT_CONVERSION = YES;
				GCC_WARN_ABOUT_RETURN_TYPE = YES_ERROR;
				GCC_WARN_UNDECLARED_SELECTOR = YES;
				GCC_WARN_UNINITIALIZED_AUTOS = YES_AGGRESSIVE;
				GCC_WARN_UNUSED_FUNCTION = YES;
				GCC_WARN_UNUSED_VARIABLE = YES;
				MACOSX_DEPLOYMENT_TARGET = 10.13;
				MTL_ENABLE_DEBUG_INFO = NO;
				SDKROOT = macosx;
				SWIFT_OPTIMIZATION_LEVEL = "-Owholemodule";
				VERSIONING_SYSTEM = "apple-generic";
				VERSION_INFO_PREFIX = "";
			};
			name = Release;
		};
		91724256204A0D060009A79F /* Debug */ = {
			isa = XCBuildConfiguration;
			buildSettings = {
				CODE_SIGN_IDENTITY = "";
				CODE_SIGN_STYLE = Automatic;
				COMBINE_HIDPI_IMAGES = YES;
				DEFINES_MODULE = YES;
				DYLIB_COMPATIBILITY_VERSION = 1;
				DYLIB_CURRENT_VERSION = 1;
				DYLIB_INSTALL_NAME_BASE = "@rpath";
				FRAMEWORK_VERSION = A;
				INFOPLIST_FILE = AccessibilityElement.xcodeproj/AccessibilityElement_Info.plist;
				INSTALL_PATH = "$(LOCAL_LIBRARY_DIR)/Frameworks";
				LD_RUNPATH_SEARCH_PATHS = "$(inherited) @executable_path/../Frameworks @loader_path/Frameworks";
				LIBRARY_SEARCH_PATHS = (
					"$(inherited)",
					"$(PROJECT_DIR)/.build/x86_64-apple-macosx10.10/debug",
					"$(PROJECT_DIR)/.build/debug",
				);
				PRODUCT_BUNDLE_IDENTIFIER = com.rustle.speakup.AccessibilityElement;
				PRODUCT_NAME = "$(TARGET_NAME:c99extidentifier)";
				SKIP_INSTALL = YES;
				SWIFT_VERSION = 4.0;
			};
			name = Debug;
		};
		91724257204A0D060009A79F /* Release */ = {
			isa = XCBuildConfiguration;
			buildSettings = {
				CODE_SIGN_IDENTITY = "";
				CODE_SIGN_STYLE = Automatic;
				COMBINE_HIDPI_IMAGES = YES;
				DEFINES_MODULE = YES;
				DYLIB_COMPATIBILITY_VERSION = 1;
				DYLIB_CURRENT_VERSION = 1;
				DYLIB_INSTALL_NAME_BASE = "@rpath";
				FRAMEWORK_VERSION = A;
				INFOPLIST_FILE = AccessibilityElement.xcodeproj/AccessibilityElement_Info.plist;
				INSTALL_PATH = "$(LOCAL_LIBRARY_DIR)/Frameworks";
				LD_RUNPATH_SEARCH_PATHS = "$(inherited) @executable_path/../Frameworks @loader_path/Frameworks";
				LIBRARY_SEARCH_PATHS = (
					"$(inherited)",
					"$(PROJECT_DIR)/.build/x86_64-apple-macosx10.10/debug",
					"$(PROJECT_DIR)/.build/debug",
				);
				PRODUCT_BUNDLE_IDENTIFIER = com.rustle.speakup.AccessibilityElement;
				PRODUCT_NAME = "$(TARGET_NAME:c99extidentifier)";
				SKIP_INSTALL = YES;
				SWIFT_VERSION = 4.0;
			};
			name = Release;
		};
		91724259204A0D060009A79F /* Debug */ = {
			isa = XCBuildConfiguration;
			buildSettings = {
				ALWAYS_EMBED_SWIFT_STANDARD_LIBRARIES = YES;
				CODE_SIGN_STYLE = Automatic;
				COMBINE_HIDPI_IMAGES = YES;
				INFOPLIST_FILE = AccessibilityElement.xcodeproj/AccessibilityElementTests_Info.plist;
				LD_RUNPATH_SEARCH_PATHS = "$(inherited) @executable_path/../Frameworks @loader_path/../Frameworks";
				PRODUCT_BUNDLE_IDENTIFIER = com.rustle.speakup.AccessibilityElementTests;
				PRODUCT_NAME = "$(TARGET_NAME)";
				SWIFT_VERSION = 4.0;
			};
			name = Debug;
		};
		9172425A204A0D060009A79F /* Release */ = {
			isa = XCBuildConfiguration;
			buildSettings = {
				ALWAYS_EMBED_SWIFT_STANDARD_LIBRARIES = YES;
				CODE_SIGN_STYLE = Automatic;
				COMBINE_HIDPI_IMAGES = YES;
				INFOPLIST_FILE = AccessibilityElement.xcodeproj/AccessibilityElementTests_Info.plist;
				LD_RUNPATH_SEARCH_PATHS = "$(inherited) @executable_path/../Frameworks @loader_path/../Frameworks";
				PRODUCT_BUNDLE_IDENTIFIER = com.rustle.speakup.AccessibilityElementTests;
				PRODUCT_NAME = "$(TARGET_NAME)";
				SWIFT_VERSION = 4.0;
			};
			name = Release;
		};
		91724E87204A10F20009A79F /* Debug */ = {
			isa = XCBuildConfiguration;
			buildSettings = {
				CODE_SIGN_IDENTITY = "";
				CODE_SIGN_STYLE = Automatic;
				COMBINE_HIDPI_IMAGES = YES;
				DEFINES_MODULE = YES;
				DYLIB_COMPATIBILITY_VERSION = 1;
				DYLIB_CURRENT_VERSION = 1;
				DYLIB_INSTALL_NAME_BASE = "@rpath";
				FRAMEWORK_VERSION = A;
				INFOPLIST_FILE = AccessibilityElement.xcodeproj/CoreFoundationOverlay_Info.plist;
				INSTALL_PATH = "$(LOCAL_LIBRARY_DIR)/Frameworks";
				LD_RUNPATH_SEARCH_PATHS = "$(inherited) @executable_path/../Frameworks @loader_path/Frameworks";
				PRODUCT_BUNDLE_IDENTIFIER = com.rustle.speakup.CoreFoundationOverlay;
				PRODUCT_NAME = "$(TARGET_NAME:c99extidentifier)";
				SKIP_INSTALL = YES;
				SWIFT_VERSION = 4.0;
			};
			name = Debug;
		};
		91724E88204A10F20009A79F /* Release */ = {
			isa = XCBuildConfiguration;
			buildSettings = {
				CODE_SIGN_IDENTITY = "";
				CODE_SIGN_STYLE = Automatic;
				COMBINE_HIDPI_IMAGES = YES;
				DEFINES_MODULE = YES;
				DYLIB_COMPATIBILITY_VERSION = 1;
				DYLIB_CURRENT_VERSION = 1;
				DYLIB_INSTALL_NAME_BASE = "@rpath";
				FRAMEWORK_VERSION = A;
				INFOPLIST_FILE = AccessibilityElement.xcodeproj/CoreFoundationOverlay_Info.plist;
				INSTALL_PATH = "$(LOCAL_LIBRARY_DIR)/Frameworks";
				LD_RUNPATH_SEARCH_PATHS = "$(inherited) @executable_path/../Frameworks @loader_path/Frameworks";
				PRODUCT_BUNDLE_IDENTIFIER = com.rustle.speakup.CoreFoundationOverlay;
				PRODUCT_NAME = "$(TARGET_NAME:c99extidentifier)";
				SKIP_INSTALL = YES;
				SWIFT_VERSION = 4.0;
			};
			name = Release;
		};
		91724E8A204A10F20009A79F /* Debug */ = {
			isa = XCBuildConfiguration;
			buildSettings = {
				ALWAYS_EMBED_SWIFT_STANDARD_LIBRARIES = YES;
				CODE_SIGN_STYLE = Automatic;
				COMBINE_HIDPI_IMAGES = YES;
				INFOPLIST_FILE = CoreFoundationOverlayTests/Info.plist;
				LD_RUNPATH_SEARCH_PATHS = "$(inherited) @executable_path/../Frameworks @loader_path/../Frameworks";
				PRODUCT_BUNDLE_IDENTIFIER = com.rustle.speakup.CoreFoundationOverlayTests;
				PRODUCT_NAME = "$(TARGET_NAME)";
				SWIFT_VERSION = 4.0;
			};
			name = Debug;
		};
		91724E8B204A10F20009A79F /* Release */ = {
			isa = XCBuildConfiguration;
			buildSettings = {
				ALWAYS_EMBED_SWIFT_STANDARD_LIBRARIES = YES;
				CODE_SIGN_STYLE = Automatic;
				COMBINE_HIDPI_IMAGES = YES;
				INFOPLIST_FILE = CoreFoundationOverlayTests/Info.plist;
				LD_RUNPATH_SEARCH_PATHS = "$(inherited) @executable_path/../Frameworks @loader_path/../Frameworks";
				PRODUCT_BUNDLE_IDENTIFIER = com.rustle.speakup.CoreFoundationOverlayTests;
				PRODUCT_NAME = "$(TARGET_NAME)";
				SWIFT_VERSION = 4.0;
			};
			name = Release;
		};
/* End XCBuildConfiguration section */

/* Begin XCConfigurationList section */
		9172423B204A0D050009A79F /* Build configuration list for PBXProject "AccessibilityElement" */ = {
			isa = XCConfigurationList;
			buildConfigurations = (
				91724253204A0D060009A79F /* Debug */,
				91724254204A0D060009A79F /* Release */,
			);
			defaultConfigurationIsVisible = 0;
			defaultConfigurationName = Release;
		};
		91724255204A0D060009A79F /* Build configuration list for PBXNativeTarget "AccessibilityElement" */ = {
			isa = XCConfigurationList;
			buildConfigurations = (
				91724256204A0D060009A79F /* Debug */,
				91724257204A0D060009A79F /* Release */,
			);
			defaultConfigurationIsVisible = 0;
			defaultConfigurationName = Release;
		};
		91724258204A0D060009A79F /* Build configuration list for PBXNativeTarget "AccessibilityElementTests" */ = {
			isa = XCConfigurationList;
			buildConfigurations = (
				91724259204A0D060009A79F /* Debug */,
				9172425A204A0D060009A79F /* Release */,
			);
			defaultConfigurationIsVisible = 0;
			defaultConfigurationName = Release;
		};
		91724E86204A10F20009A79F /* Build configuration list for PBXNativeTarget "CoreFoundationOverlay" */ = {
			isa = XCConfigurationList;
			buildConfigurations = (
				91724E87204A10F20009A79F /* Debug */,
				91724E88204A10F20009A79F /* Release */,
			);
			defaultConfigurationIsVisible = 0;
			defaultConfigurationName = Release;
		};
		91724E89204A10F20009A79F /* Build configuration list for PBXNativeTarget "CoreFoundationOverlayTests" */ = {
			isa = XCConfigurationList;
			buildConfigurations = (
				91724E8A204A10F20009A79F /* Debug */,
				91724E8B204A10F20009A79F /* Release */,
			);
			defaultConfigurationIsVisible = 0;
			defaultConfigurationName = Release;
		};
/* End XCConfigurationList section */
	};
	rootObject = 91724238204A0D050009A79F /* Project object */;
}
