// !$*UTF8*$!
{
	archiveVersion = 1;
	classes = {
	};
	objectVersion = 48;
	objects = {

/* Begin PBXBuildFile section */
		910D6B4E2034DB4200A816F3 /* Output.swift in Sources */ = {isa = PBXBuildFile; fileRef = 910D6B4D2034DB4200A816F3 /* Output.swift */; };
		910D6B50203525B200A816F3 /* Substitutions.swift in Sources */ = {isa = PBXBuildFile; fileRef = 910D6B4F203525B200A816F3 /* Substitutions.swift */; };
		910D6B532035444E00A816F3 /* SubstitutionsTests.swift in Sources */ = {isa = PBXBuildFile; fileRef = 910D6B522035444E00A816F3 /* SubstitutionsTests.swift */; };
		910D6B6E20363C5500A816F3 /* SwiftScanner.framework in Frameworks */ = {isa = PBXBuildFile; fileRef = 910D6B6F20363C5500A816F3 /* SwiftScanner.framework */; };
		9111CF2B2005BBE9006B56AA /* Checkbox.swift in Sources */ = {isa = PBXBuildFile; fileRef = 9111CF2A2005BBE9006B56AA /* Checkbox.swift */; };
		9111CF2E2005DBB4006B56AA /* TextAttachment.swift in Sources */ = {isa = PBXBuildFile; fileRef = 9111CF2D2005DBB4006B56AA /* TextAttachment.swift */; };
		9111CF30200703D1006B56AA /* AttributedString.swift in Sources */ = {isa = PBXBuildFile; fileRef = 9111CF2F200703D1006B56AA /* AttributedString.swift */; };
		9111CF3220072303006B56AA /* AttributedStringsTest.swift in Sources */ = {isa = PBXBuildFile; fileRef = 9111CF3120072303006B56AA /* AttributedStringsTest.swift */; };
		9114A903200C471D00C294CC /* String.swift in Sources */ = {isa = PBXBuildFile; fileRef = 9114A902200C471D00C294CC /* String.swift */; };
		91180D8A201EAB1A00EE7A40 /* Signals.framework in Frameworks */ = {isa = PBXBuildFile; fileRef = 91180D8B201EAB1A00EE7A40 /* Signals.framework */; };
		91180D8C201EAB3600EE7A40 /* CoreFoundationOverlay.framework in Frameworks */ = {isa = PBXBuildFile; fileRef = 91180D8D201EAB3600EE7A40 /* CoreFoundationOverlay.framework */; };
		91187E3E2010592D004DA209 /* WebArea.swift in Sources */ = {isa = PBXBuildFile; fileRef = 91187E3D2010592D004DA209 /* WebArea.swift */; };
		91187E4220107241004DA209 /* SelectionChange.swift in Sources */ = {isa = PBXBuildFile; fileRef = 91187E4120107241004DA209 /* SelectionChange.swift */; };
		9119611F200FE6CE0073A998 /* Node.swift in Sources */ = {isa = PBXBuildFile; fileRef = 9119611E200FE6CE0073A998 /* Node.swift */; };
		91196121200FE7250073A998 /* TreeElement.swift in Sources */ = {isa = PBXBuildFile; fileRef = 91196120200FE7250073A998 /* TreeElement.swift */; };
		91196123200FE79E0073A998 /* Dictionary.swift in Sources */ = {isa = PBXBuildFile; fileRef = 91196122200FE79E0073A998 /* Dictionary.swift */; };
		91196125200FE7D80073A998 /* Frame.swift in Sources */ = {isa = PBXBuildFile; fileRef = 91196124200FE7D80073A998 /* Frame.swift */; };
		911DEA3320326C5900F956C1 /* Atomics.framework in Frameworks */ = {isa = PBXBuildFile; fileRef = 911DEA3420326C5900F956C1 /* Atomics.framework */; };
		911DEA3620326FB600F956C1 /* WhitespaceClassifier.swift in Sources */ = {isa = PBXBuildFile; fileRef = 911DEA3520326FB600F956C1 /* WhitespaceClassifier.swift */; };
		911DEA3C20328C7400F956C1 /* CompoundSound.swift in Sources */ = {isa = PBXBuildFile; fileRef = 911DEA3B20328C7400F956C1 /* CompoundSound.swift */; };
		914E28BC1FF83E3700765FCE /* Observer.swift in Sources */ = {isa = PBXBuildFile; fileRef = 914E28BB1FF83E3700765FCE /* Observer.swift */; };
		914E28D41FF9DCF000765FCE /* Controller.swift in Sources */ = {isa = PBXBuildFile; fileRef = 914E28D31FF9DCF000765FCE /* Controller.swift */; };
		914E28F71FFB297A00765FCE /* Debug.swift in Sources */ = {isa = PBXBuildFile; fileRef = 914E28F61FFB297A00765FCE /* Debug.swift */; };
		914E296E1FFF163D00765FCE /* Hierarchy.swift in Sources */ = {isa = PBXBuildFile; fileRef = 914E296D1FFF163D00765FCE /* Hierarchy.swift */; };
		9173AAEF20290CF200B41819 /* ObserverSignal.swift in Sources */ = {isa = PBXBuildFile; fileRef = 9173AAEE20290CF200B41819 /* ObserverSignal.swift */; };
		9173AAF120290EF400B41819 /* ObserverError.swift in Sources */ = {isa = PBXBuildFile; fileRef = 9173AAF020290EF400B41819 /* ObserverError.swift */; };
		9173AAF320290F9200B41819 /* SystemObserverProviding.swift in Sources */ = {isa = PBXBuildFile; fileRef = 9173AAF220290F9200B41819 /* SystemObserverProviding.swift */; };
		9173AAF52029159300B41819 /* ObserverProviding.swift in Sources */ = {isa = PBXBuildFile; fileRef = 9173AAF42029159300B41819 /* ObserverProviding.swift */; };
		9173AAFA202A5E6C00B41819 /* ObserverTests.swift in Sources */ = {isa = PBXBuildFile; fileRef = 9173AAF9202A5E6C00B41819 /* ObserverTests.swift */; };
		917E5469200194F400D490A8 /* MockElement.swift in Sources */ = {isa = PBXBuildFile; fileRef = 917E5468200194F400D490A8 /* MockElement.swift */; };
		917E546B2002E48E00D490A8 /* Application.swift in Sources */ = {isa = PBXBuildFile; fileRef = 917E546A2002E48E00D490A8 /* Application.swift */; };
		917E546D2002F76400D490A8 /* EventHandler.swift in Sources */ = {isa = PBXBuildFile; fileRef = 917E546C2002F76400D490A8 /* EventHandler.swift */; };
		917E54702002F7D800D490A8 /* Window.swift in Sources */ = {isa = PBXBuildFile; fileRef = 917E546F2002F7D800D490A8 /* Window.swift */; };
		917E54722002FA9B00D490A8 /* Default.swift in Sources */ = {isa = PBXBuildFile; fileRef = 917E54712002FA9B00D490A8 /* Default.swift */; };
		917E54742002FAC200D490A8 /* Registrar.swift in Sources */ = {isa = PBXBuildFile; fileRef = 917E54732002FAC200D490A8 /* Registrar.swift */; };
		917E54A1200423F200D490A8 /* StaticText.swift in Sources */ = {isa = PBXBuildFile; fileRef = 917E54A0200423F200D490A8 /* StaticText.swift */; };
		917E54A3200427E800D490A8 /* Button.swift in Sources */ = {isa = PBXBuildFile; fileRef = 917E54A2200427E800D490A8 /* Button.swift */; };
		917E54A7200477EB00D490A8 /* Toggle.swift in Sources */ = {isa = PBXBuildFile; fileRef = 917E54A6200477EB00D490A8 /* Toggle.swift */; };
		917E54A92004800C00D490A8 /* Describer.swift in Sources */ = {isa = PBXBuildFile; fileRef = 917E54A82004800C00D490A8 /* Describer.swift */; };
		917E54AC2005727200D490A8 /* TextField.swift in Sources */ = {isa = PBXBuildFile; fileRef = 917E54AB2005727200D490A8 /* TextField.swift */; };
		917FEA45201136270036280E /* Position.swift in Sources */ = {isa = PBXBuildFile; fileRef = 917FEA44201136270036280E /* Position.swift */; };
		917FEA4920113EF90036280E /* TextMarker.h in Headers */ = {isa = PBXBuildFile; fileRef = 917FEA4720113EF90036280E /* TextMarker.h */; settings = {ATTRIBUTES = (Public, ); }; };
		917FEA4A20113EF90036280E /* TextMarker.m in Sources */ = {isa = PBXBuildFile; fileRef = 917FEA4820113EF90036280E /* TextMarker.m */; };
		91BA29B3202FFBEB00A978A6 /* SimpleState.swift in Sources */ = {isa = PBXBuildFile; fileRef = 91BA29B2202FFBEB00A978A6 /* SimpleState.swift */; };
		91BA29B52030D5B300A978A6 /* Tap.swift in Sources */ = {isa = PBXBuildFile; fileRef = 91BA29B42030D5B300A978A6 /* Tap.swift */; };
		91BA29B72030D67600A978A6 /* GestureRecognizer.swift in Sources */ = {isa = PBXBuildFile; fileRef = 91BA29B62030D67600A978A6 /* GestureRecognizer.swift */; };
		91BF2DE81FF17FE400FB993D /* AccessibilityElement.framework in Frameworks */ = {isa = PBXBuildFile; fileRef = 91BF2DDE1FF17FE400FB993D /* AccessibilityElement.framework */; };
		91BF2DED1FF17FE400FB993D /* HierarchyTests.swift in Sources */ = {isa = PBXBuildFile; fileRef = 91BF2DEC1FF17FE400FB993D /* HierarchyTests.swift */; };
		91BF2DEF1FF17FE400FB993D /* AccessibilityElement.h in Headers */ = {isa = PBXBuildFile; fileRef = 91BF2DE11FF17FE400FB993D /* AccessibilityElement.h */; settings = {ATTRIBUTES = (Public, ); }; };
		91BF2DF91FF1800700FB993D /* Element.swift in Sources */ = {isa = PBXBuildFile; fileRef = 91BF2DF81FF1800700FB993D /* Element.swift */; };
		91BF2DFB1FF1F02200FB993D /* AXUIElement.swift in Sources */ = {isa = PBXBuildFile; fileRef = 91BF2DFA1FF1F02200FB993D /* AXUIElement.swift */; };
		91BF2DFD1FF1F8AE00FB993D /* AXValue.swift in Sources */ = {isa = PBXBuildFile; fileRef = 91BF2DFC1FF1F8AE00FB993D /* AXValue.swift */; };
		91C5531A20080228001CF14B /* Bundle.swift in Sources */ = {isa = PBXBuildFile; fileRef = 91C5531920080228001CF14B /* Bundle.swift */; };
		91C5531F200969F9001CF14B /* ScreenGrab.swift in Sources */ = {isa = PBXBuildFile; fileRef = 91C5531E200969F9001CF14B /* ScreenGrab.swift */; };
		91FFFCFF1FF5B6B400BF89A0 /* AccessibilityError.swift in Sources */ = {isa = PBXBuildFile; fileRef = 91FFFCFE1FF5B6B400BF89A0 /* AccessibilityError.swift */; };
		91FFFD011FF6F09A00BF89A0 /* AXObserver.swift in Sources */ = {isa = PBXBuildFile; fileRef = 91FFFD001FF6F09A00BF89A0 /* AXObserver.swift */; };
/* End PBXBuildFile section */

/* Begin PBXContainerItemProxy section */
		91BF2DE91FF17FE400FB993D /* PBXContainerItemProxy */ = {
			isa = PBXContainerItemProxy;
			containerPortal = 91BF2DD51FF17FE400FB993D /* Project object */;
			proxyType = 1;
			remoteGlobalIDString = 91BF2DDD1FF17FE400FB993D;
			remoteInfo = AccessibilityElement;
		};
/* End PBXContainerItemProxy section */

/* Begin PBXFileReference section */
		910D6B4D2034DB4200A816F3 /* Output.swift */ = {isa = PBXFileReference; fileEncoding = 4; lastKnownFileType = sourcecode.swift; path = Output.swift; sourceTree = "<group>"; };
		910D6B4F203525B200A816F3 /* Substitutions.swift */ = {isa = PBXFileReference; lastKnownFileType = sourcecode.swift; path = Substitutions.swift; sourceTree = "<group>"; };
		910D6B522035444E00A816F3 /* SubstitutionsTests.swift */ = {isa = PBXFileReference; lastKnownFileType = sourcecode.swift; path = SubstitutionsTests.swift; sourceTree = "<group>"; };
		910D6B6F20363C5500A816F3 /* SwiftScanner.framework */ = {isa = PBXFileReference; explicitFileType = wrapper.framework; path = SwiftScanner.framework; sourceTree = BUILT_PRODUCTS_DIR; };
		9111CF2A2005BBE9006B56AA /* Checkbox.swift */ = {isa = PBXFileReference; lastKnownFileType = sourcecode.swift; path = Checkbox.swift; sourceTree = "<group>"; };
		9111CF2D2005DBB4006B56AA /* TextAttachment.swift */ = {isa = PBXFileReference; lastKnownFileType = sourcecode.swift; path = TextAttachment.swift; sourceTree = "<group>"; };
		9111CF2F200703D1006B56AA /* AttributedString.swift */ = {isa = PBXFileReference; lastKnownFileType = sourcecode.swift; path = AttributedString.swift; sourceTree = "<group>"; };
		9111CF3120072303006B56AA /* AttributedStringsTest.swift */ = {isa = PBXFileReference; lastKnownFileType = sourcecode.swift; path = AttributedStringsTest.swift; sourceTree = "<group>"; };
		9114A902200C471D00C294CC /* String.swift */ = {isa = PBXFileReference; lastKnownFileType = sourcecode.swift; path = String.swift; sourceTree = "<group>"; };
		91180D8B201EAB1A00EE7A40 /* Signals.framework */ = {isa = PBXFileReference; explicitFileType = wrapper.framework; path = Signals.framework; sourceTree = BUILT_PRODUCTS_DIR; };
		91180D8D201EAB3600EE7A40 /* CoreFoundationOverlay.framework */ = {isa = PBXFileReference; explicitFileType = wrapper.framework; path = CoreFoundationOverlay.framework; sourceTree = BUILT_PRODUCTS_DIR; };
		91187E3D2010592D004DA209 /* WebArea.swift */ = {isa = PBXFileReference; lastKnownFileType = sourcecode.swift; path = WebArea.swift; sourceTree = "<group>"; };
		91187E4120107241004DA209 /* SelectionChange.swift */ = {isa = PBXFileReference; lastKnownFileType = sourcecode.swift; path = SelectionChange.swift; sourceTree = "<group>"; };
		9119611E200FE6CE0073A998 /* Node.swift */ = {isa = PBXFileReference; lastKnownFileType = sourcecode.swift; path = Node.swift; sourceTree = "<group>"; };
		91196120200FE7250073A998 /* TreeElement.swift */ = {isa = PBXFileReference; lastKnownFileType = sourcecode.swift; path = TreeElement.swift; sourceTree = "<group>"; };
		91196122200FE79E0073A998 /* Dictionary.swift */ = {isa = PBXFileReference; lastKnownFileType = sourcecode.swift; path = Dictionary.swift; sourceTree = "<group>"; };
		91196124200FE7D80073A998 /* Frame.swift */ = {isa = PBXFileReference; lastKnownFileType = sourcecode.swift; path = Frame.swift; sourceTree = "<group>"; };
		911DEA3420326C5900F956C1 /* Atomics.framework */ = {isa = PBXFileReference; explicitFileType = wrapper.framework; path = Atomics.framework; sourceTree = BUILT_PRODUCTS_DIR; };
		911DEA3520326FB600F956C1 /* WhitespaceClassifier.swift */ = {isa = PBXFileReference; lastKnownFileType = sourcecode.swift; path = WhitespaceClassifier.swift; sourceTree = "<group>"; };
		911DEA3B20328C7400F956C1 /* CompoundSound.swift */ = {isa = PBXFileReference; lastKnownFileType = sourcecode.swift; path = CompoundSound.swift; sourceTree = "<group>"; };
		914E28BB1FF83E3700765FCE /* Observer.swift */ = {isa = PBXFileReference; lastKnownFileType = sourcecode.swift; path = Observer.swift; sourceTree = "<group>"; };
		914E28D31FF9DCF000765FCE /* Controller.swift */ = {isa = PBXFileReference; lastKnownFileType = sourcecode.swift; path = Controller.swift; sourceTree = "<group>"; };
		914E28F61FFB297A00765FCE /* Debug.swift */ = {isa = PBXFileReference; lastKnownFileType = sourcecode.swift; path = Debug.swift; sourceTree = "<group>"; };
		914E296D1FFF163D00765FCE /* Hierarchy.swift */ = {isa = PBXFileReference; lastKnownFileType = sourcecode.swift; path = Hierarchy.swift; sourceTree = "<group>"; };
		9173AAEE20290CF200B41819 /* ObserverSignal.swift */ = {isa = PBXFileReference; lastKnownFileType = sourcecode.swift; path = ObserverSignal.swift; sourceTree = "<group>"; };
		9173AAF020290EF400B41819 /* ObserverError.swift */ = {isa = PBXFileReference; lastKnownFileType = sourcecode.swift; path = ObserverError.swift; sourceTree = "<group>"; };
		9173AAF220290F9200B41819 /* SystemObserverProviding.swift */ = {isa = PBXFileReference; lastKnownFileType = sourcecode.swift; path = SystemObserverProviding.swift; sourceTree = "<group>"; };
		9173AAF42029159300B41819 /* ObserverProviding.swift */ = {isa = PBXFileReference; lastKnownFileType = sourcecode.swift; path = ObserverProviding.swift; sourceTree = "<group>"; };
		9173AAF9202A5E6C00B41819 /* ObserverTests.swift */ = {isa = PBXFileReference; lastKnownFileType = sourcecode.swift; path = ObserverTests.swift; sourceTree = "<group>"; };
		917E5468200194F400D490A8 /* MockElement.swift */ = {isa = PBXFileReference; lastKnownFileType = sourcecode.swift; path = MockElement.swift; sourceTree = "<group>"; };
		917E546A2002E48E00D490A8 /* Application.swift */ = {isa = PBXFileReference; lastKnownFileType = sourcecode.swift; path = Application.swift; sourceTree = "<group>"; };
		917E546C2002F76400D490A8 /* EventHandler.swift */ = {isa = PBXFileReference; lastKnownFileType = sourcecode.swift; path = EventHandler.swift; sourceTree = "<group>"; };
		917E546F2002F7D800D490A8 /* Window.swift */ = {isa = PBXFileReference; lastKnownFileType = sourcecode.swift; path = Window.swift; sourceTree = "<group>"; };
		917E54712002FA9B00D490A8 /* Default.swift */ = {isa = PBXFileReference; lastKnownFileType = sourcecode.swift; path = Default.swift; sourceTree = "<group>"; };
		917E54732002FAC200D490A8 /* Registrar.swift */ = {isa = PBXFileReference; lastKnownFileType = sourcecode.swift; path = Registrar.swift; sourceTree = "<group>"; };
		917E54A0200423F200D490A8 /* StaticText.swift */ = {isa = PBXFileReference; lastKnownFileType = sourcecode.swift; path = StaticText.swift; sourceTree = "<group>"; };
		917E54A2200427E800D490A8 /* Button.swift */ = {isa = PBXFileReference; lastKnownFileType = sourcecode.swift; path = Button.swift; sourceTree = "<group>"; };
		917E54A6200477EB00D490A8 /* Toggle.swift */ = {isa = PBXFileReference; lastKnownFileType = sourcecode.swift; path = Toggle.swift; sourceTree = "<group>"; };
		917E54A82004800C00D490A8 /* Describer.swift */ = {isa = PBXFileReference; lastKnownFileType = sourcecode.swift; path = Describer.swift; sourceTree = "<group>"; };
		917E54AB2005727200D490A8 /* TextField.swift */ = {isa = PBXFileReference; lastKnownFileType = sourcecode.swift; path = TextField.swift; sourceTree = "<group>"; };
		917FEA44201136270036280E /* Position.swift */ = {isa = PBXFileReference; lastKnownFileType = sourcecode.swift; name = Position.swift; path = AccessibilityElement/Position.swift; sourceTree = SOURCE_ROOT; };
		917FEA4720113EF90036280E /* TextMarker.h */ = {isa = PBXFileReference; lastKnownFileType = sourcecode.c.h; path = TextMarker.h; sourceTree = "<group>"; };
		917FEA4820113EF90036280E /* TextMarker.m */ = {isa = PBXFileReference; lastKnownFileType = sourcecode.c.objc; path = TextMarker.m; sourceTree = "<group>"; };
		91BA29B2202FFBEB00A978A6 /* SimpleState.swift */ = {isa = PBXFileReference; lastKnownFileType = sourcecode.swift; path = SimpleState.swift; sourceTree = "<group>"; };
		91BA29B42030D5B300A978A6 /* Tap.swift */ = {isa = PBXFileReference; fileEncoding = 4; lastKnownFileType = sourcecode.swift; path = Tap.swift; sourceTree = "<group>"; };
		91BA29B62030D67600A978A6 /* GestureRecognizer.swift */ = {isa = PBXFileReference; lastKnownFileType = sourcecode.swift; path = GestureRecognizer.swift; sourceTree = "<group>"; };
		91BF2DDE1FF17FE400FB993D /* AccessibilityElement.framework */ = {isa = PBXFileReference; explicitFileType = wrapper.framework; includeInIndex = 0; path = AccessibilityElement.framework; sourceTree = BUILT_PRODUCTS_DIR; };
		91BF2DE11FF17FE400FB993D /* AccessibilityElement.h */ = {isa = PBXFileReference; lastKnownFileType = sourcecode.c.h; path = AccessibilityElement.h; sourceTree = "<group>"; };
		91BF2DE21FF17FE400FB993D /* Info.plist */ = {isa = PBXFileReference; lastKnownFileType = text.plist.xml; path = Info.plist; sourceTree = "<group>"; };
		91BF2DE71FF17FE400FB993D /* AccessibilityElementTests.xctest */ = {isa = PBXFileReference; explicitFileType = wrapper.cfbundle; includeInIndex = 0; path = AccessibilityElementTests.xctest; sourceTree = BUILT_PRODUCTS_DIR; };
		91BF2DEC1FF17FE400FB993D /* HierarchyTests.swift */ = {isa = PBXFileReference; lastKnownFileType = sourcecode.swift; path = HierarchyTests.swift; sourceTree = "<group>"; };
		91BF2DEE1FF17FE400FB993D /* Info.plist */ = {isa = PBXFileReference; lastKnownFileType = text.plist.xml; path = Info.plist; sourceTree = "<group>"; };
		91BF2DF81FF1800700FB993D /* Element.swift */ = {isa = PBXFileReference; lastKnownFileType = sourcecode.swift; path = Element.swift; sourceTree = "<group>"; };
		91BF2DFA1FF1F02200FB993D /* AXUIElement.swift */ = {isa = PBXFileReference; lastKnownFileType = sourcecode.swift; path = AXUIElement.swift; sourceTree = "<group>"; };
		91BF2DFC1FF1F8AE00FB993D /* AXValue.swift */ = {isa = PBXFileReference; lastKnownFileType = sourcecode.swift; path = AXValue.swift; sourceTree = "<group>"; };
		91C5531920080228001CF14B /* Bundle.swift */ = {isa = PBXFileReference; lastKnownFileType = sourcecode.swift; path = Bundle.swift; sourceTree = "<group>"; };
		91C5531E200969F9001CF14B /* ScreenGrab.swift */ = {isa = PBXFileReference; lastKnownFileType = sourcecode.swift; path = ScreenGrab.swift; sourceTree = "<group>"; };
		91FFFCFE1FF5B6B400BF89A0 /* AccessibilityError.swift */ = {isa = PBXFileReference; lastKnownFileType = sourcecode.swift; path = AccessibilityError.swift; sourceTree = "<group>"; };
		91FFFD001FF6F09A00BF89A0 /* AXObserver.swift */ = {isa = PBXFileReference; lastKnownFileType = sourcecode.swift; path = AXObserver.swift; sourceTree = "<group>"; };
/* End PBXFileReference section */

/* Begin PBXFrameworksBuildPhase section */
		91BF2DDA1FF17FE400FB993D /* Frameworks */ = {
			isa = PBXFrameworksBuildPhase;
			buildActionMask = 2147483647;
			files = (
				911DEA3320326C5900F956C1 /* Atomics.framework in Frameworks */,
				91180D8A201EAB1A00EE7A40 /* Signals.framework in Frameworks */,
				910D6B6E20363C5500A816F3 /* SwiftScanner.framework in Frameworks */,
				91180D8C201EAB3600EE7A40 /* CoreFoundationOverlay.framework in Frameworks */,
			);
			runOnlyForDeploymentPostprocessing = 0;
		};
		91BF2DE41FF17FE400FB993D /* Frameworks */ = {
			isa = PBXFrameworksBuildPhase;
			buildActionMask = 2147483647;
			files = (
				91BF2DE81FF17FE400FB993D /* AccessibilityElement.framework in Frameworks */,
			);
			runOnlyForDeploymentPostprocessing = 0;
		};
/* End PBXFrameworksBuildPhase section */

/* Begin PBXGroup section */
		910D6B51203525BF00A816F3 /* Output */ = {
			isa = PBXGroup;
			children = (
				910D6B4D2034DB4200A816F3 /* Output.swift */,
				910D6B4F203525B200A816F3 /* Substitutions.swift */,
			);
			path = Output;
			sourceTree = "<group>";
		};
		9111CF2C2005DBA2006B56AA /* Text */ = {
			isa = PBXGroup;
			children = (
				917E54A0200423F200D490A8 /* StaticText.swift */,
				917E54AB2005727200D490A8 /* TextField.swift */,
				9111CF2D2005DBB4006B56AA /* TextAttachment.swift */,
			);
			path = Text;
			sourceTree = "<group>";
		};
		91180D89201EAB1A00EE7A40 /* Frameworks */ = {
			isa = PBXGroup;
			children = (
				911DEA3420326C5900F956C1 /* Atomics.framework */,
				91180D8B201EAB1A00EE7A40 /* Signals.framework */,
				91180D8D201EAB3600EE7A40 /* CoreFoundationOverlay.framework */,
				910D6B6F20363C5500A816F3 /* SwiftScanner.framework */,
			);
			name = Frameworks;
			sourceTree = "<group>";
		};
		91196126200FE7E90073A998 /* stdlib */ = {
			isa = PBXGroup;
			children = (
				9114A902200C471D00C294CC /* String.swift */,
				91196122200FE79E0073A998 /* Dictionary.swift */,
			);
			path = stdlib;
			sourceTree = "<group>";
		};
		914E28C01FF85A1400765FCE /* HIServices */ = {
			isa = PBXGroup;
			children = (
				91BF2DFA1FF1F02200FB993D /* AXUIElement.swift */,
				91BF2DFC1FF1F8AE00FB993D /* AXValue.swift */,
				91FFFD001FF6F09A00BF89A0 /* AXObserver.swift */,
			);
			path = HIServices;
			sourceTree = "<group>";
		};
		9173AAF8202A3CA500B41819 /* Observer */ = {
			isa = PBXGroup;
			children = (
				914E28BB1FF83E3700765FCE /* Observer.swift */,
				9173AAEE20290CF200B41819 /* ObserverSignal.swift */,
				9173AAF020290EF400B41819 /* ObserverError.swift */,
				9173AAF42029159300B41819 /* ObserverProviding.swift */,
				9173AAF220290F9200B41819 /* SystemObserverProviding.swift */,
			);
			path = Observer;
			sourceTree = "<group>";
		};
		917E546E2002F7AF00D490A8 /* EventHandler */ = {
			isa = PBXGroup;
			children = (
				917E546C2002F76400D490A8 /* EventHandler.swift */,
				917E54732002FAC200D490A8 /* Registrar.swift */,
				917E54712002FA9B00D490A8 /* Default.swift */,
				917E546A2002E48E00D490A8 /* Application.swift */,
				917E546F2002F7D800D490A8 /* Window.swift */,
				917E54A2200427E800D490A8 /* Button.swift */,
				917E54A6200477EB00D490A8 /* Toggle.swift */,
				9111CF2A2005BBE9006B56AA /* Checkbox.swift */,
				91187E3D2010592D004DA209 /* WebArea.swift */,
				91187E4120107241004DA209 /* SelectionChange.swift */,
				917FEA44201136270036280E /* Position.swift */,
				9111CF2C2005DBA2006B56AA /* Text */,
			);
			path = EventHandler;
			sourceTree = "<group>";
		};
		91BF2DD41FF17FE400FB993D = {
			isa = PBXGroup;
			children = (
				91BF2DE01FF17FE400FB993D /* AccessibilityElement */,
				91BF2DEB1FF17FE400FB993D /* AccessibilityElementTests */,
				91BF2DDF1FF17FE400FB993D /* Products */,
				91180D89201EAB1A00EE7A40 /* Frameworks */,
			);
			sourceTree = "<group>";
		};
		91BF2DDF1FF17FE400FB993D /* Products */ = {
			isa = PBXGroup;
			children = (
				91BF2DDE1FF17FE400FB993D /* AccessibilityElement.framework */,
				91BF2DE71FF17FE400FB993D /* AccessibilityElementTests.xctest */,
			);
			name = Products;
			sourceTree = "<group>";
		};
		91BF2DE01FF17FE400FB993D /* AccessibilityElement */ = {
			isa = PBXGroup;
			children = (
				91BF2DE11FF17FE400FB993D /* AccessibilityElement.h */,
				91FFFCFE1FF5B6B400BF89A0 /* AccessibilityError.swift */,
				9111CF2F200703D1006B56AA /* AttributedString.swift */,
				91C5531920080228001CF14B /* Bundle.swift */,
				911DEA3B20328C7400F956C1 /* CompoundSound.swift */,
				914E28D31FF9DCF000765FCE /* Controller.swift */,
				914E28F61FFB297A00765FCE /* Debug.swift */,
				917E54A82004800C00D490A8 /* Describer.swift */,
				91BF2DF81FF1800700FB993D /* Element.swift */,
				91196124200FE7D80073A998 /* Frame.swift */,
				9119611E200FE6CE0073A998 /* Node.swift */,
				914E296D1FFF163D00765FCE /* Hierarchy.swift */,
				91C5531E200969F9001CF14B /* ScreenGrab.swift */,
				91BA29B2202FFBEB00A978A6 /* SimpleState.swift */,
				91BA29B42030D5B300A978A6 /* Tap.swift */,
				91BA29B62030D67600A978A6 /* GestureRecognizer.swift */,
				917FEA4720113EF90036280E /* TextMarker.h */,
				917FEA4820113EF90036280E /* TextMarker.m */,
				91196120200FE7250073A998 /* TreeElement.swift */,
				911DEA3520326FB600F956C1 /* WhitespaceClassifier.swift */,
				917E546E2002F7AF00D490A8 /* EventHandler */,
				914E28C01FF85A1400765FCE /* HIServices */,
				9173AAF8202A3CA500B41819 /* Observer */,
				910D6B51203525BF00A816F3 /* Output */,
				91196126200FE7E90073A998 /* stdlib */,
				91BF2DE21FF17FE400FB993D /* Info.plist */,
			);
			path = AccessibilityElement;
			sourceTree = "<group>";
		};
		91BF2DEB1FF17FE400FB993D /* AccessibilityElementTests */ = {
			isa = PBXGroup;
			children = (
				91BF2DEC1FF17FE400FB993D /* HierarchyTests.swift */,
				917E5468200194F400D490A8 /* MockElement.swift */,
				9111CF3120072303006B56AA /* AttributedStringsTest.swift */,
				9173AAF9202A5E6C00B41819 /* ObserverTests.swift */,
				910D6B522035444E00A816F3 /* SubstitutionsTests.swift */,
				91BF2DEE1FF17FE400FB993D /* Info.plist */,
			);
			path = AccessibilityElementTests;
			sourceTree = "<group>";
		};
/* End PBXGroup section */

/* Begin PBXHeadersBuildPhase section */
		91BF2DDB1FF17FE400FB993D /* Headers */ = {
			isa = PBXHeadersBuildPhase;
			buildActionMask = 2147483647;
			files = (
				917FEA4920113EF90036280E /* TextMarker.h in Headers */,
				91BF2DEF1FF17FE400FB993D /* AccessibilityElement.h in Headers */,
			);
			runOnlyForDeploymentPostprocessing = 0;
		};
/* End PBXHeadersBuildPhase section */

/* Begin PBXNativeTarget section */
		91BF2DDD1FF17FE400FB993D /* AccessibilityElement */ = {
			isa = PBXNativeTarget;
			buildConfigurationList = 91BF2DF21FF17FE400FB993D /* Build configuration list for PBXNativeTarget "AccessibilityElement" */;
			buildPhases = (
				91BF2DD91FF17FE400FB993D /* Sources */,
				91BF2DDA1FF17FE400FB993D /* Frameworks */,
				91BF2DDB1FF17FE400FB993D /* Headers */,
				91BF2DDC1FF17FE400FB993D /* Resources */,
			);
			buildRules = (
			);
			dependencies = (
			);
			name = AccessibilityElement;
			productName = AccessibilityElement;
			productReference = 91BF2DDE1FF17FE400FB993D /* AccessibilityElement.framework */;
			productType = "com.apple.product-type.framework";
		};
		91BF2DE61FF17FE400FB993D /* AccessibilityElementTests */ = {
			isa = PBXNativeTarget;
			buildConfigurationList = 91BF2DF51FF17FE400FB993D /* Build configuration list for PBXNativeTarget "AccessibilityElementTests" */;
			buildPhases = (
				91BF2DE31FF17FE400FB993D /* Sources */,
				91BF2DE41FF17FE400FB993D /* Frameworks */,
				91BF2DE51FF17FE400FB993D /* Resources */,
			);
			buildRules = (
			);
			dependencies = (
				91BF2DEA1FF17FE400FB993D /* PBXTargetDependency */,
			);
			name = AccessibilityElementTests;
			productName = AccessibilityElementTests;
			productReference = 91BF2DE71FF17FE400FB993D /* AccessibilityElementTests.xctest */;
			productType = "com.apple.product-type.bundle.unit-test";
		};
/* End PBXNativeTarget section */

/* Begin PBXProject section */
		91BF2DD51FF17FE400FB993D /* Project object */ = {
			isa = PBXProject;
			attributes = {
				LastSwiftUpdateCheck = 0920;
				LastUpgradeCheck = 0920;
				ORGANIZATIONNAME = "Doug Russell";
				TargetAttributes = {
					91BF2DDD1FF17FE400FB993D = {
						CreatedOnToolsVersion = 9.2;
						LastSwiftMigration = 0920;
						ProvisioningStyle = Automatic;
					};
					91BF2DE61FF17FE400FB993D = {
						CreatedOnToolsVersion = 9.2;
						ProvisioningStyle = Automatic;
					};
				};
			};
			buildConfigurationList = 91BF2DD81FF17FE400FB993D /* Build configuration list for PBXProject "AccessibilityElement" */;
			compatibilityVersion = "Xcode 8.0";
			developmentRegion = en;
			hasScannedForEncodings = 0;
			knownRegions = (
				en,
			);
			mainGroup = 91BF2DD41FF17FE400FB993D;
			productRefGroup = 91BF2DDF1FF17FE400FB993D /* Products */;
			projectDirPath = "";
			projectRoot = "";
			targets = (
				91BF2DDD1FF17FE400FB993D /* AccessibilityElement */,
				91BF2DE61FF17FE400FB993D /* AccessibilityElementTests */,
			);
		};
/* End PBXProject section */

/* Begin PBXResourcesBuildPhase section */
		91BF2DDC1FF17FE400FB993D /* Resources */ = {
			isa = PBXResourcesBuildPhase;
			buildActionMask = 2147483647;
			files = (
			);
			runOnlyForDeploymentPostprocessing = 0;
		};
		91BF2DE51FF17FE400FB993D /* Resources */ = {
			isa = PBXResourcesBuildPhase;
			buildActionMask = 2147483647;
			files = (
			);
			runOnlyForDeploymentPostprocessing = 0;
		};
/* End PBXResourcesBuildPhase section */

/* Begin PBXSourcesBuildPhase section */
		91BF2DD91FF17FE400FB993D /* Sources */ = {
			isa = PBXSourcesBuildPhase;
			buildActionMask = 2147483647;
			files = (
				917E546B2002E48E00D490A8 /* Application.swift in Sources */,
				91BA29B72030D67600A978A6 /* GestureRecognizer.swift in Sources */,
				91FFFD011FF6F09A00BF89A0 /* AXObserver.swift in Sources */,
				917E54A7200477EB00D490A8 /* Toggle.swift in Sources */,
				91196125200FE7D80073A998 /* Frame.swift in Sources */,
				9114A903200C471D00C294CC /* String.swift in Sources */,
				917E54A1200423F200D490A8 /* StaticText.swift in Sources */,
				911DEA3620326FB600F956C1 /* WhitespaceClassifier.swift in Sources */,
				9173AAF52029159300B41819 /* ObserverProviding.swift in Sources */,
				914E28F71FFB297A00765FCE /* Debug.swift in Sources */,
				917E546D2002F76400D490A8 /* EventHandler.swift in Sources */,
				91C5531F200969F9001CF14B /* ScreenGrab.swift in Sources */,
				91C5531A20080228001CF14B /* Bundle.swift in Sources */,
				917E54742002FAC200D490A8 /* Registrar.swift in Sources */,
				91196121200FE7250073A998 /* TreeElement.swift in Sources */,
				9119611F200FE6CE0073A998 /* Node.swift in Sources */,
				914E28D41FF9DCF000765FCE /* Controller.swift in Sources */,
				9111CF2B2005BBE9006B56AA /* Checkbox.swift in Sources */,
				917E54A3200427E800D490A8 /* Button.swift in Sources */,
				9111CF30200703D1006B56AA /* AttributedString.swift in Sources */,
				91187E3E2010592D004DA209 /* WebArea.swift in Sources */,
				91BF2DF91FF1800700FB993D /* Element.swift in Sources */,
				910D6B4E2034DB4200A816F3 /* Output.swift in Sources */,
				91BA29B3202FFBEB00A978A6 /* SimpleState.swift in Sources */,
				91BA29B52030D5B300A978A6 /* Tap.swift in Sources */,
				9173AAF320290F9200B41819 /* SystemObserverProviding.swift in Sources */,
				910D6B50203525B200A816F3 /* Substitutions.swift in Sources */,
				914E28BC1FF83E3700765FCE /* Observer.swift in Sources */,
				9173AAF120290EF400B41819 /* ObserverError.swift in Sources */,
				91187E4220107241004DA209 /* SelectionChange.swift in Sources */,
				917E54702002F7D800D490A8 /* Window.swift in Sources */,
				914E296E1FFF163D00765FCE /* Hierarchy.swift in Sources */,
				911DEA3C20328C7400F956C1 /* CompoundSound.swift in Sources */,
				91FFFCFF1FF5B6B400BF89A0 /* AccessibilityError.swift in Sources */,
				917FEA4A20113EF90036280E /* TextMarker.m in Sources */,
				917E54AC2005727200D490A8 /* TextField.swift in Sources */,
				91BF2DFB1FF1F02200FB993D /* AXUIElement.swift in Sources */,
				91BF2DFD1FF1F8AE00FB993D /* AXValue.swift in Sources */,
				917E54A92004800C00D490A8 /* Describer.swift in Sources */,
				9173AAEF20290CF200B41819 /* ObserverSignal.swift in Sources */,
				91196123200FE79E0073A998 /* Dictionary.swift in Sources */,
				917E54722002FA9B00D490A8 /* Default.swift in Sources */,
				917FEA45201136270036280E /* Position.swift in Sources */,
				9111CF2E2005DBB4006B56AA /* TextAttachment.swift in Sources */,
			);
			runOnlyForDeploymentPostprocessing = 0;
		};
		91BF2DE31FF17FE400FB993D /* Sources */ = {
			isa = PBXSourcesBuildPhase;
			buildActionMask = 2147483647;
			files = (
				9111CF3220072303006B56AA /* AttributedStringsTest.swift in Sources */,
				9173AAFA202A5E6C00B41819 /* ObserverTests.swift in Sources */,
				917E5469200194F400D490A8 /* MockElement.swift in Sources */,
				910D6B532035444E00A816F3 /* SubstitutionsTests.swift in Sources */,
				91BF2DED1FF17FE400FB993D /* HierarchyTests.swift in Sources */,
			);
			runOnlyForDeploymentPostprocessing = 0;
		};
/* End PBXSourcesBuildPhase section */

/* Begin PBXTargetDependency section */
		91BF2DEA1FF17FE400FB993D /* PBXTargetDependency */ = {
			isa = PBXTargetDependency;
			target = 91BF2DDD1FF17FE400FB993D /* AccessibilityElement */;
			targetProxy = 91BF2DE91FF17FE400FB993D /* PBXContainerItemProxy */;
		};
/* End PBXTargetDependency section */

/* Begin XCBuildConfiguration section */
		91BF2DF01FF17FE400FB993D /* Debug */ = {
			isa = XCBuildConfiguration;
			buildSettings = {
				ALWAYS_SEARCH_USER_PATHS = NO;
				CLANG_ANALYZER_NONNULL = YES;
				CLANG_ANALYZER_NUMBER_OBJECT_CONVERSION = YES_AGGRESSIVE;
				CLANG_CXX_LANGUAGE_STANDARD = "gnu++14";
				CLANG_CXX_LIBRARY = "libc++";
				CLANG_ENABLE_MODULES = YES;
				CLANG_ENABLE_OBJC_ARC = YES;
				CLANG_WARN_BLOCK_CAPTURE_AUTORELEASING = YES;
				CLANG_WARN_BOOL_CONVERSION = YES;
				CLANG_WARN_COMMA = YES;
				CLANG_WARN_CONSTANT_CONVERSION = YES;
				CLANG_WARN_DIRECT_OBJC_ISA_USAGE = YES_ERROR;
				CLANG_WARN_DOCUMENTATION_COMMENTS = YES;
				CLANG_WARN_EMPTY_BODY = YES;
				CLANG_WARN_ENUM_CONVERSION = YES;
				CLANG_WARN_INFINITE_RECURSION = YES;
				CLANG_WARN_INT_CONVERSION = YES;
				CLANG_WARN_NON_LITERAL_NULL_CONVERSION = YES;
				CLANG_WARN_OBJC_LITERAL_CONVERSION = YES;
				CLANG_WARN_OBJC_ROOT_CLASS = YES_ERROR;
				CLANG_WARN_RANGE_LOOP_ANALYSIS = YES;
				CLANG_WARN_STRICT_PROTOTYPES = YES;
				CLANG_WARN_SUSPICIOUS_MOVE = YES;
				CLANG_WARN_UNGUARDED_AVAILABILITY = YES_AGGRESSIVE;
				CLANG_WARN_UNREACHABLE_CODE = YES;
				CLANG_WARN__DUPLICATE_METHOD_MATCH = YES;
				CODE_SIGN_IDENTITY = "-";
				COPY_PHASE_STRIP = NO;
				CURRENT_PROJECT_VERSION = 1;
				DEBUG_INFORMATION_FORMAT = dwarf;
				ENABLE_STRICT_OBJC_MSGSEND = YES;
				ENABLE_TESTABILITY = YES;
				GCC_C_LANGUAGE_STANDARD = gnu11;
				GCC_DYNAMIC_NO_PIC = NO;
				GCC_NO_COMMON_BLOCKS = YES;
				GCC_OPTIMIZATION_LEVEL = 0;
				GCC_PREPROCESSOR_DEFINITIONS = (
					"DEBUG=1",
					"$(inherited)",
				);
				GCC_WARN_64_TO_32_BIT_CONVERSION = YES;
				GCC_WARN_ABOUT_RETURN_TYPE = YES_ERROR;
				GCC_WARN_UNDECLARED_SELECTOR = YES;
				GCC_WARN_UNINITIALIZED_AUTOS = YES_AGGRESSIVE;
				GCC_WARN_UNUSED_FUNCTION = YES;
				GCC_WARN_UNUSED_VARIABLE = YES;
				MACOSX_DEPLOYMENT_TARGET = 10.13;
				MTL_ENABLE_DEBUG_INFO = YES;
				ONLY_ACTIVE_ARCH = YES;
				SDKROOT = macosx;
				SWIFT_ACTIVE_COMPILATION_CONDITIONS = DEBUG;
				SWIFT_OPTIMIZATION_LEVEL = "-Onone";
				VERSIONING_SYSTEM = "apple-generic";
				VERSION_INFO_PREFIX = "";
			};
			name = Debug;
		};
		91BF2DF11FF17FE400FB993D /* Release */ = {
			isa = XCBuildConfiguration;
			buildSettings = {
				ALWAYS_SEARCH_USER_PATHS = NO;
				CLANG_ANALYZER_NONNULL = YES;
				CLANG_ANALYZER_NUMBER_OBJECT_CONVERSION = YES_AGGRESSIVE;
				CLANG_CXX_LANGUAGE_STANDARD = "gnu++14";
				CLANG_CXX_LIBRARY = "libc++";
				CLANG_ENABLE_MODULES = YES;
				CLANG_ENABLE_OBJC_ARC = YES;
				CLANG_WARN_BLOCK_CAPTURE_AUTORELEASING = YES;
				CLANG_WARN_BOOL_CONVERSION = YES;
				CLANG_WARN_COMMA = YES;
				CLANG_WARN_CONSTANT_CONVERSION = YES;
				CLANG_WARN_DIRECT_OBJC_ISA_USAGE = YES_ERROR;
				CLANG_WARN_DOCUMENTATION_COMMENTS = YES;
				CLANG_WARN_EMPTY_BODY = YES;
				CLANG_WARN_ENUM_CONVERSION = YES;
				CLANG_WARN_INFINITE_RECURSION = YES;
				CLANG_WARN_INT_CONVERSION = YES;
				CLANG_WARN_NON_LITERAL_NULL_CONVERSION = YES;
				CLANG_WARN_OBJC_LITERAL_CONVERSION = YES;
				CLANG_WARN_OBJC_ROOT_CLASS = YES_ERROR;
				CLANG_WARN_RANGE_LOOP_ANALYSIS = YES;
				CLANG_WARN_STRICT_PROTOTYPES = YES;
				CLANG_WARN_SUSPICIOUS_MOVE = YES;
				CLANG_WARN_UNGUARDED_AVAILABILITY = YES_AGGRESSIVE;
				CLANG_WARN_UNREACHABLE_CODE = YES;
				CLANG_WARN__DUPLICATE_METHOD_MATCH = YES;
				CODE_SIGN_IDENTITY = "-";
				COPY_PHASE_STRIP = NO;
				CURRENT_PROJECT_VERSION = 1;
				DEBUG_INFORMATION_FORMAT = "dwarf-with-dsym";
				ENABLE_NS_ASSERTIONS = NO;
				ENABLE_STRICT_OBJC_MSGSEND = YES;
				GCC_C_LANGUAGE_STANDARD = gnu11;
				GCC_NO_COMMON_BLOCKS = YES;
				GCC_WARN_64_TO_32_BIT_CONVERSION = YES;
				GCC_WARN_ABOUT_RETURN_TYPE = YES_ERROR;
				GCC_WARN_UNDECLARED_SELECTOR = YES;
				GCC_WARN_UNINITIALIZED_AUTOS = YES_AGGRESSIVE;
				GCC_WARN_UNUSED_FUNCTION = YES;
				GCC_WARN_UNUSED_VARIABLE = YES;
				MACOSX_DEPLOYMENT_TARGET = 10.13;
				MTL_ENABLE_DEBUG_INFO = NO;
				SDKROOT = macosx;
				SWIFT_OPTIMIZATION_LEVEL = "-Owholemodule";
				VERSIONING_SYSTEM = "apple-generic";
				VERSION_INFO_PREFIX = "";
			};
			name = Release;
		};
		91BF2DF31FF17FE400FB993D /* Debug */ = {
			isa = XCBuildConfiguration;
			buildSettings = {
				CLANG_ENABLE_MODULES = YES;
				CODE_SIGN_IDENTITY = "";
				CODE_SIGN_STYLE = Automatic;
				COMBINE_HIDPI_IMAGES = YES;
				DEFINES_MODULE = YES;
				DYLIB_COMPATIBILITY_VERSION = 1;
				DYLIB_CURRENT_VERSION = 1;
				DYLIB_INSTALL_NAME_BASE = "@rpath";
				FRAMEWORK_VERSION = A;
				INFOPLIST_FILE = AccessibilityElement/Info.plist;
				INSTALL_PATH = "$(LOCAL_LIBRARY_DIR)/Frameworks";
				LD_RUNPATH_SEARCH_PATHS = "$(inherited) @executable_path/../Frameworks @loader_path/Frameworks";
				PRODUCT_BUNDLE_IDENTIFIER = com.rustle.AccessibilityElement;
				PRODUCT_NAME = "$(TARGET_NAME:c99extidentifier)";
				SKIP_INSTALL = YES;
				SWIFT_OPTIMIZATION_LEVEL = "-Onone";
				SWIFT_VERSION = 4.0;
			};
			name = Debug;
		};
		91BF2DF41FF17FE400FB993D /* Release */ = {
			isa = XCBuildConfiguration;
			buildSettings = {
				CLANG_ENABLE_MODULES = YES;
				CODE_SIGN_IDENTITY = "";
				CODE_SIGN_STYLE = Automatic;
				COMBINE_HIDPI_IMAGES = YES;
				DEFINES_MODULE = YES;
				DYLIB_COMPATIBILITY_VERSION = 1;
				DYLIB_CURRENT_VERSION = 1;
				DYLIB_INSTALL_NAME_BASE = "@rpath";
				FRAMEWORK_VERSION = A;
				INFOPLIST_FILE = AccessibilityElement/Info.plist;
				INSTALL_PATH = "$(LOCAL_LIBRARY_DIR)/Frameworks";
				LD_RUNPATH_SEARCH_PATHS = "$(inherited) @executable_path/../Frameworks @loader_path/Frameworks";
				PRODUCT_BUNDLE_IDENTIFIER = com.rustle.AccessibilityElement;
				PRODUCT_NAME = "$(TARGET_NAME:c99extidentifier)";
				SKIP_INSTALL = YES;
				SWIFT_VERSION = 4.0;
			};
			name = Release;
		};
		91BF2DF61FF17FE400FB993D /* Debug */ = {
			isa = XCBuildConfiguration;
			buildSettings = {
				ALWAYS_EMBED_SWIFT_STANDARD_LIBRARIES = YES;
				CODE_SIGN_STYLE = Automatic;
				COMBINE_HIDPI_IMAGES = YES;
				INFOPLIST_FILE = AccessibilityElementTests/Info.plist;
				LD_RUNPATH_SEARCH_PATHS = "$(inherited) @executable_path/../Frameworks @loader_path/../Frameworks";
				PRODUCT_BUNDLE_IDENTIFIER = com.rustle.AccessibilityElementTests;
				PRODUCT_NAME = "$(TARGET_NAME)";
				SWIFT_VERSION = 4.0;
			};
			name = Debug;
		};
		91BF2DF71FF17FE400FB993D /* Release */ = {
			isa = XCBuildConfiguration;
			buildSettings = {
				ALWAYS_EMBED_SWIFT_STANDARD_LIBRARIES = YES;
				CODE_SIGN_STYLE = Automatic;
				COMBINE_HIDPI_IMAGES = YES;
				INFOPLIST_FILE = AccessibilityElementTests/Info.plist;
				LD_RUNPATH_SEARCH_PATHS = "$(inherited) @executable_path/../Frameworks @loader_path/../Frameworks";
				PRODUCT_BUNDLE_IDENTIFIER = com.rustle.AccessibilityElementTests;
				PRODUCT_NAME = "$(TARGET_NAME)";
				SWIFT_VERSION = 4.0;
			};
			name = Release;
		};
/* End XCBuildConfiguration section */

/* Begin XCConfigurationList section */
		91BF2DD81FF17FE400FB993D /* Build configuration list for PBXProject "AccessibilityElement" */ = {
			isa = XCConfigurationList;
			buildConfigurations = (
				91BF2DF01FF17FE400FB993D /* Debug */,
				91BF2DF11FF17FE400FB993D /* Release */,
			);
			defaultConfigurationIsVisible = 0;
			defaultConfigurationName = Release;
		};
		91BF2DF21FF17FE400FB993D /* Build configuration list for PBXNativeTarget "AccessibilityElement" */ = {
			isa = XCConfigurationList;
			buildConfigurations = (
				91BF2DF31FF17FE400FB993D /* Debug */,
				91BF2DF41FF17FE400FB993D /* Release */,
			);
			defaultConfigurationIsVisible = 0;
			defaultConfigurationName = Release;
		};
		91BF2DF51FF17FE400FB993D /* Build configuration list for PBXNativeTarget "AccessibilityElementTests" */ = {
			isa = XCConfigurationList;
			buildConfigurations = (
				91BF2DF61FF17FE400FB993D /* Debug */,
				91BF2DF71FF17FE400FB993D /* Release */,
			);
			defaultConfigurationIsVisible = 0;
			defaultConfigurationName = Release;
		};
/* End XCConfigurationList section */
	};
	rootObject = 91BF2DD51FF17FE400FB993D /* Project object */;
}
